// !$*UTF8*$!
{
	archiveVersion = 1;
	classes = {
	};
	objectVersion = 50;
	objects = {

/* Begin PBXBuildFile section */
		F43EEC2822959B9600BB669F /* SPVibration.swift in Sources */ = {isa = PBXBuildFile; fileRef = F43EEB6B22959B9600BB669F /* SPVibration.swift */; };
		F43EEC2922959B9600BB669F /* SPPromoTableViewCell.swift in Sources */ = {isa = PBXBuildFile; fileRef = F43EEB6F22959B9600BB669F /* SPPromoTableViewCell.swift */; };
		F43EEC2A22959B9600BB669F /* SPFormButtonTableViewCell.swift in Sources */ = {isa = PBXBuildFile; fileRef = F43EEB7122959B9600BB669F /* SPFormButtonTableViewCell.swift */; };
		F43EEC2B22959B9600BB669F /* SPFormMailTableViewCell.swift in Sources */ = {isa = PBXBuildFile; fileRef = F43EEB7222959B9600BB669F /* SPFormMailTableViewCell.swift */; };
		F43EEC2C22959B9600BB669F /* SPFormLabelTableViewCell.swift in Sources */ = {isa = PBXBuildFile; fileRef = F43EEB7322959B9600BB669F /* SPFormLabelTableViewCell.swift */; };
		F43EEC2D22959B9600BB669F /* SPFormTextFiledTableViewCell.swift in Sources */ = {isa = PBXBuildFile; fileRef = F43EEB7422959B9600BB669F /* SPFormTextFiledTableViewCell.swift */; };
		F43EEC2E22959B9600BB669F /* SPFormFeaturedTitleTableViewCell.swift in Sources */ = {isa = PBXBuildFile; fileRef = F43EEB7522959B9600BB669F /* SPFormFeaturedTitleTableViewCell.swift */; };
		F43EEC2F22959B9600BB669F /* SPFormTextInputTableViewCell.swift in Sources */ = {isa = PBXBuildFile; fileRef = F43EEB7622959B9600BB669F /* SPFormTextInputTableViewCell.swift */; };
		F43EEC3022959B9600BB669F /* SPFormTextTableViewCell.swift in Sources */ = {isa = PBXBuildFile; fileRef = F43EEB7722959B9600BB669F /* SPFormTextTableViewCell.swift */; };
		F43EEC3122959B9600BB669F /* SPMengTransformTableViewCell.swift in Sources */ = {isa = PBXBuildFile; fileRef = F43EEB7822959B9600BB669F /* SPMengTransformTableViewCell.swift */; };
		F43EEC3222959B9600BB669F /* SPImageTableViewCell.swift in Sources */ = {isa = PBXBuildFile; fileRef = F43EEB7922959B9600BB669F /* SPImageTableViewCell.swift */; };
		F43EEC3322959B9600BB669F /* SPProposeTableViewCell.swift in Sources */ = {isa = PBXBuildFile; fileRef = F43EEB7A22959B9600BB669F /* SPProposeTableViewCell.swift */; };
		F43EEC3422959B9600BB669F /* SPBaseContentTableViewCell.swift in Sources */ = {isa = PBXBuildFile; fileRef = F43EEB7B22959B9600BB669F /* SPBaseContentTableViewCell.swift */; };
		F43EEC3522959B9600BB669F /* SPTableViewCell.swift in Sources */ = {isa = PBXBuildFile; fileRef = F43EEB7C22959B9600BB669F /* SPTableViewCell.swift */; };
		F43EEC3622959B9600BB669F /* SPTableView.swift in Sources */ = {isa = PBXBuildFile; fileRef = F43EEB7E22959B9600BB669F /* SPTableView.swift */; };
		F43EEC3722959B9600BB669F /* SPPlayCircleButton.swift in Sources */ = {isa = PBXBuildFile; fileRef = F43EEB8022959B9600BB669F /* SPPlayCircleButton.swift */; };
		F43EEC3822959B9600BB669F /* SPSocialButton.swift in Sources */ = {isa = PBXBuildFile; fileRef = F43EEB8122959B9600BB669F /* SPSocialButton.swift */; };
		F43EEC3922959B9600BB669F /* SPAppleMusicSectionButtonsView.swift in Sources */ = {isa = PBXBuildFile; fileRef = F43EEB8222959B9600BB669F /* SPAppleMusicSectionButtonsView.swift */; };
		F43EEC3A22959B9600BB669F /* SPDotsButton.swift in Sources */ = {isa = PBXBuildFile; fileRef = F43EEB8322959B9600BB669F /* SPDotsButton.swift */; };
		F43EEC3B22959B9600BB669F /* SPSystemIconButton.swift in Sources */ = {isa = PBXBuildFile; fileRef = F43EEB8422959B9600BB669F /* SPSystemIconButton.swift */; };
		F43EEC3C22959B9600BB669F /* SPNativeLargeButton.swift in Sources */ = {isa = PBXBuildFile; fileRef = F43EEB8522959B9600BB669F /* SPNativeLargeButton.swift */; };
		F43EEC3D22959B9600BB669F /* SPDownloadingButton.swift in Sources */ = {isa = PBXBuildFile; fileRef = F43EEB8622959B9600BB669F /* SPDownloadingButton.swift */; };
		F43EEC3E22959B9600BB669F /* SPButton.swift in Sources */ = {isa = PBXBuildFile; fileRef = F43EEB8722959B9600BB669F /* SPButton.swift */; };
		F43EEC3F22959B9600BB669F /* SPCircleCloseButton.swift in Sources */ = {isa = PBXBuildFile; fileRef = F43EEB8822959B9600BB669F /* SPCircleCloseButton.swift */; };
		F43EEC4022959B9600BB669F /* SPAppStoreActionButton.swift in Sources */ = {isa = PBXBuildFile; fileRef = F43EEB8922959B9600BB669F /* SPAppStoreActionButton.swift */; };
		F43EEC4122959B9600BB669F /* SPAppleMusicButton.swift in Sources */ = {isa = PBXBuildFile; fileRef = F43EEB8A22959B9600BB669F /* SPAppleMusicButton.swift */; };
		F43EEC4222959B9600BB669F /* SPImageView.swift in Sources */ = {isa = PBXBuildFile; fileRef = F43EEB8C22959B9600BB669F /* SPImageView.swift */; };
		F43EEC4322959B9600BB669F /* SPScrollView.swift in Sources */ = {isa = PBXBuildFile; fileRef = F43EEB8D22959B9600BB669F /* SPScrollView.swift */; };
		F43EEC4422959B9600BB669F /* SPFooterButtonsView.swift in Sources */ = {isa = PBXBuildFile; fileRef = F43EEB8E22959B9600BB669F /* SPFooterButtonsView.swift */; };
		F43EEC4522959B9600BB669F /* SPTextField.swift in Sources */ = {isa = PBXBuildFile; fileRef = F43EEB8F22959B9600BB669F /* SPTextField.swift */; };
		F43EEC4622959B9600BB669F /* SPTextView.swift in Sources */ = {isa = PBXBuildFile; fileRef = F43EEB9022959B9600BB669F /* SPTextView.swift */; };
		F43EEC4722959B9600BB669F /* SPGradeBlurView.swift in Sources */ = {isa = PBXBuildFile; fileRef = F43EEB9122959B9600BB669F /* SPGradeBlurView.swift */; };
		F43EEC4822959B9600BB669F /* SPDownloadingUIImageView.swift in Sources */ = {isa = PBXBuildFile; fileRef = F43EEB9222959B9600BB669F /* SPDownloadingUIImageView.swift */; };
		F43EEC4922959B9600BB669F /* SPView.swift in Sources */ = {isa = PBXBuildFile; fileRef = F43EEB9322959B9600BB669F /* SPView.swift */; };
		F43EEC4A22959B9600BB669F /* SPGradientView.swift in Sources */ = {isa = PBXBuildFile; fileRef = F43EEB9422959B9600BB669F /* SPGradientView.swift */; };
		F43EEC4B22959B9600BB669F /* SPSeparatorView.swift in Sources */ = {isa = PBXBuildFile; fileRef = F43EEB9522959B9600BB669F /* SPSeparatorView.swift */; };
		F43EEC4C22959B9600BB669F /* SPVideoPlayer.swift in Sources */ = {isa = PBXBuildFile; fileRef = F43EEB9622959B9600BB669F /* SPVideoPlayer.swift */; };
		F43EEC4D22959B9600BB669F /* SPBlurView.swift in Sources */ = {isa = PBXBuildFile; fileRef = F43EEB9722959B9600BB669F /* SPBlurView.swift */; };
		F43EEC4E22959B9600BB669F /* SPEmptyLabelsView.swift in Sources */ = {isa = PBXBuildFile; fileRef = F43EEB9922959B9600BB669F /* SPEmptyLabelsView.swift */; };
		F43EEC4F22959B9600BB669F /* SPSectionLabelsView.swift in Sources */ = {isa = PBXBuildFile; fileRef = F43EEB9A22959B9600BB669F /* SPSectionLabelsView.swift */; };
		F43EEC5022959B9600BB669F /* SPLabel.swift in Sources */ = {isa = PBXBuildFile; fileRef = F43EEB9B22959B9600BB669F /* SPLabel.swift */; };
		F43EEC5122959B9600BB669F /* SPCenterLabelsView.swift in Sources */ = {isa = PBXBuildFile; fileRef = F43EEB9C22959B9600BB669F /* SPCenterLabelsView.swift */; };
		F43EEC5222959B9600BB669F /* SPAudioIconView.swift in Sources */ = {isa = PBXBuildFile; fileRef = F43EEB9E22959B9600BB669F /* SPAudioIconView.swift */; };
		F43EEC5322959B9600BB669F /* SPSocialIconView.swift in Sources */ = {isa = PBXBuildFile; fileRef = F43EEB9F22959B9600BB669F /* SPSocialIconView.swift */; };
		F43EEC5422959B9600BB669F /* SPSystemIconView.swift in Sources */ = {isa = PBXBuildFile; fileRef = F43EEBA022959B9600BB669F /* SPSystemIconView.swift */; };
		F43EEC5522959B9600BB669F /* SPGolubevIconView.swift in Sources */ = {isa = PBXBuildFile; fileRef = F43EEBA122959B9600BB669F /* SPGolubevIconView.swift */; };
		F43EEC5622959B9600BB669F /* SPProposeController.swift in Sources */ = {isa = PBXBuildFile; fileRef = F43EEBA322959B9600BB669F /* SPProposeController.swift */; };
		F43EEC5722959B9600BB669F /* SPNativeTableController.swift in Sources */ = {isa = PBXBuildFile; fileRef = F43EEBA422959B9600BB669F /* SPNativeTableController.swift */; };
		F43EEC5822959B9600BB669F /* SPTableController.swift in Sources */ = {isa = PBXBuildFile; fileRef = F43EEBA522959B9600BB669F /* SPTableController.swift */; };
		F43EEC5922959B9600BB669F /* SPStatusBarManagerController.swift in Sources */ = {isa = PBXBuildFile; fileRef = F43EEBA622959B9600BB669F /* SPStatusBarManagerController.swift */; };
		F43EEC5A22959B9600BB669F /* SPController.swift in Sources */ = {isa = PBXBuildFile; fileRef = F43EEBA722959B9600BB669F /* SPController.swift */; };
		F43EEC5B22959B9600BB669F /* SPCollectionViewCell.swift in Sources */ = {isa = PBXBuildFile; fileRef = F43EEBAA22959B9600BB669F /* SPCollectionViewCell.swift */; };
		F43EEC5C22959B9600BB669F /* SPMengTransformCollectionViewCell.swift in Sources */ = {isa = PBXBuildFile; fileRef = F43EEBAB22959B9600BB669F /* SPMengTransformCollectionViewCell.swift */; };
		F43EEC5D22959B9600BB669F /* SPImageCollectionViewCell.swift in Sources */ = {isa = PBXBuildFile; fileRef = F43EEBAC22959B9600BB669F /* SPImageCollectionViewCell.swift */; };
		F43EEC5E22959B9600BB669F /* SPCollectionViewLayout.swift in Sources */ = {isa = PBXBuildFile; fileRef = F43EEBAE22959B9600BB669F /* SPCollectionViewLayout.swift */; };
		F43EEC5F22959B9600BB669F /* SPMengTransformCollectionView.swift in Sources */ = {isa = PBXBuildFile; fileRef = F43EEBB022959B9600BB669F /* SPMengTransformCollectionView.swift */; };
		F43EEC6022959B9600BB669F /* SPCollectionView.swift in Sources */ = {isa = PBXBuildFile; fileRef = F43EEBB122959B9600BB669F /* SPCollectionView.swift */; };
		F43EEC6122959B9600BB669F /* SPImagesCollectionView.swift in Sources */ = {isa = PBXBuildFile; fileRef = F43EEBB222959B9600BB669F /* SPImagesCollectionView.swift */; };
		F43EEC6222959B9600BB669F /* SPPageCollectionView.swift in Sources */ = {isa = PBXBuildFile; fileRef = F43EEBB322959B9600BB669F /* SPPageCollectionView.swift */; };
		F43EEC6322959B9600BB669F /* SPTypes.swift in Sources */ = {isa = PBXBuildFile; fileRef = F43EEBB522959B9600BB669F /* SPTypes.swift */; };
		F43EEC6422959B9600BB669F /* SPLocale.swift in Sources */ = {isa = PBXBuildFile; fileRef = F43EEBB722959B9600BB669F /* SPLocale.swift */; };
		F43EEC6522959B9600BB669F /* SPUIAlertControllerExtenshion.swift in Sources */ = {isa = PBXBuildFile; fileRef = F43EEBB922959B9600BB669F /* SPUIAlertControllerExtenshion.swift */; };
		F43EEC6622959B9600BB669F /* SPUITableViewCellExtenshion.swift in Sources */ = {isa = PBXBuildFile; fileRef = F43EEBBA22959B9600BB669F /* SPUITableViewCellExtenshion.swift */; };
		F43EEC6722959B9600BB669F /* SPUITextFieldExtenshion.swift in Sources */ = {isa = PBXBuildFile; fileRef = F43EEBBB22959B9600BB669F /* SPUITextFieldExtenshion.swift */; };
		F43EEC6822959B9600BB669F /* SPUIScrollViewExtenshion.swift in Sources */ = {isa = PBXBuildFile; fileRef = F43EEBBC22959B9600BB669F /* SPUIScrollViewExtenshion.swift */; };
		F43EEC6922959B9600BB669F /* SPUIFontExtenshion.swift in Sources */ = {isa = PBXBuildFile; fileRef = F43EEBBD22959B9600BB669F /* SPUIFontExtenshion.swift */; };
		F43EEC6A22959B9600BB669F /* SPUIImageExtension.swift in Sources */ = {isa = PBXBuildFile; fileRef = F43EEBBE22959B9600BB669F /* SPUIImageExtension.swift */; };
		F43EEC6B22959B9600BB669F /* SPUITableView.swift in Sources */ = {isa = PBXBuildFile; fileRef = F43EEBBF22959B9600BB669F /* SPUITableView.swift */; };
		F43EEC6C22959B9600BB669F /* SPUIViewExtenshion.swift in Sources */ = {isa = PBXBuildFile; fileRef = F43EEBC022959B9600BB669F /* SPUIViewExtenshion.swift */; };
		F43EEC6D22959B9600BB669F /* SPArrayExtension.swift in Sources */ = {isa = PBXBuildFile; fileRef = F43EEBC122959B9600BB669F /* SPArrayExtension.swift */; };
		F43EEC6E22959B9600BB669F /* SPUserDefaultsExtenshion.swift in Sources */ = {isa = PBXBuildFile; fileRef = F43EEBC222959B9600BB669F /* SPUserDefaultsExtenshion.swift */; };
		F43EEC6F22959B9600BB669F /* SPUIViewControllerExtenshion.swift in Sources */ = {isa = PBXBuildFile; fileRef = F43EEBC322959B9600BB669F /* SPUIViewControllerExtenshion.swift */; };
		F43EEC7022959B9600BB669F /* SPStringExtenshion.swift in Sources */ = {isa = PBXBuildFile; fileRef = F43EEBC422959B9600BB669F /* SPStringExtenshion.swift */; };
		F43EEC7122959B9600BB669F /* SPStrideableExtension.swift in Sources */ = {isa = PBXBuildFile; fileRef = F43EEBC522959B9600BB669F /* SPStrideableExtension.swift */; };
		F43EEC7222959B9600BB669F /* SPUIVisualEffectViewExtenshion.swift in Sources */ = {isa = PBXBuildFile; fileRef = F43EEBC622959B9600BB669F /* SPUIVisualEffectViewExtenshion.swift */; };
		F43EEC7322959B9600BB669F /* SPUICollectionViewExtenshion.swift in Sources */ = {isa = PBXBuildFile; fileRef = F43EEBC722959B9600BB669F /* SPUICollectionViewExtenshion.swift */; };
		F43EEC7422959B9600BB669F /* SPTextFieldExtenshion.swift in Sources */ = {isa = PBXBuildFile; fileRef = F43EEBC822959B9600BB669F /* SPTextFieldExtenshion.swift */; };
		F43EEC7522959B9600BB669F /* SPUITabBarControllerExtenshion.swift in Sources */ = {isa = PBXBuildFile; fileRef = F43EEBC922959B9600BB669F /* SPUITabBarControllerExtenshion.swift */; };
		F43EEC7622959B9600BB669F /* SPUINavigationControllerExtenshion.swift in Sources */ = {isa = PBXBuildFile; fileRef = F43EEBCA22959B9600BB669F /* SPUINavigationControllerExtenshion.swift */; };
		F43EEC7722959B9600BB669F /* SPCGRectExtension.swift in Sources */ = {isa = PBXBuildFile; fileRef = F43EEBCB22959B9600BB669F /* SPCGRectExtension.swift */; };
		F43EEC7822959B9600BB669F /* SPUILabelExtenshion.swift in Sources */ = {isa = PBXBuildFile; fileRef = F43EEBCC22959B9600BB669F /* SPUILabelExtenshion.swift */; };
		F43EEC7922959B9600BB669F /* SPDateExtenshion.swift in Sources */ = {isa = PBXBuildFile; fileRef = F43EEBCD22959B9600BB669F /* SPDateExtenshion.swift */; };
		F43EEC7A22959B9600BB669F /* SPCGSizeExtenshion.swift in Sources */ = {isa = PBXBuildFile; fileRef = F43EEBCE22959B9600BB669F /* SPCGSizeExtenshion.swift */; };
		F43EEC7B22959B9600BB669F /* SPUIImageViewExtenshion.swift in Sources */ = {isa = PBXBuildFile; fileRef = F43EEBCF22959B9600BB669F /* SPUIImageViewExtenshion.swift */; };
		F43EEC7C22959B9600BB669F /* SPUIColorExtension.swift in Sources */ = {isa = PBXBuildFile; fileRef = F43EEBD022959B9600BB669F /* SPUIColorExtension.swift */; };
		F43EEC7D22959B9600BB669F /* SPUIButtonExtenshion.swift in Sources */ = {isa = PBXBuildFile; fileRef = F43EEBD122959B9600BB669F /* SPUIButtonExtenshion.swift */; };
		F43EEC7E22959B9600BB669F /* SPAppOpener.swift in Sources */ = {isa = PBXBuildFile; fileRef = F43EEBD322959B9600BB669F /* SPAppOpener.swift */; };
		F43EEC7F22959B9600BB669F /* SPApp.swift in Sources */ = {isa = PBXBuildFile; fileRef = F43EEBD422959B9600BB669F /* SPApp.swift */; };
		F43EEC8022959B9600BB669F /* SPAppBadge.swift in Sources */ = {isa = PBXBuildFile; fileRef = F43EEBD522959B9600BB669F /* SPAppBadge.swift */; };
		F43EEC8122959B9600BB669F /* SPAppLaunch.swift in Sources */ = {isa = PBXBuildFile; fileRef = F43EEBD622959B9600BB669F /* SPAppLaunch.swift */; };
		F43EEC8222959B9600BB669F /* SPNativeColors.swift in Sources */ = {isa = PBXBuildFile; fileRef = F43EEBD822959B9600BB669F /* SPNativeColors.swift */; };
		F43EEC8322959B9600BB669F /* SPConstraints.swift in Sources */ = {isa = PBXBuildFile; fileRef = F43EEBDA22959B9600BB669F /* SPConstraints.swift */; };
		F43EEC8422959B9600BB669F /* SPLocalAuthentication.swift in Sources */ = {isa = PBXBuildFile; fileRef = F43EEBDC22959B9600BB669F /* SPLocalAuthentication.swift */; };
		F43EEC8522959B9600BB669F /* SPAppStore.swift in Sources */ = {isa = PBXBuildFile; fileRef = F43EEBDE22959B9600BB669F /* SPAppStore.swift */; };
		F43EEC8622959B9600BB669F /* SPLocalNotification.swift in Sources */ = {isa = PBXBuildFile; fileRef = F43EEBE022959B9600BB669F /* SPLocalNotification.swift */; };
		F43EEC8722959B9600BB669F /* SPMail.swift in Sources */ = {isa = PBXBuildFile; fileRef = F43EEBE222959B9600BB669F /* SPMail.swift */; };
		F43EEC8822959B9600BB669F /* SPLayout.swift in Sources */ = {isa = PBXBuildFile; fileRef = F43EEBE422959B9600BB669F /* SPLayout.swift */; };
		F43EEC8922959B9600BB669F /* SPShadow.swift in Sources */ = {isa = PBXBuildFile; fileRef = F43EEBE622959B9600BB669F /* SPShadow.swift */; };
		F43EEC8A22959B9600BB669F /* SPShadowDeep.swift in Sources */ = {isa = PBXBuildFile; fileRef = F43EEBE722959B9600BB669F /* SPShadowDeep.swift */; };
		F43EEC8B22959B9600BB669F /* SPAnimationUpward.swift in Sources */ = {isa = PBXBuildFile; fileRef = F43EEBE922959B9600BB669F /* SPAnimationUpward.swift */; };
		F43EEC8C22959B9600BB669F /* SPAnimationSpring.swift in Sources */ = {isa = PBXBuildFile; fileRef = F43EEBEA22959B9600BB669F /* SPAnimationSpring.swift */; };
		F43EEC8D22959B9600BB669F /* SPAnimationAlpha.swift in Sources */ = {isa = PBXBuildFile; fileRef = F43EEBEB22959B9600BB669F /* SPAnimationAlpha.swift */; };
		F43EEC8E22959B9600BB669F /* SPAnimation.swift in Sources */ = {isa = PBXBuildFile; fileRef = F43EEBEC22959B9600BB669F /* SPAnimation.swift */; };
		F43EEC8F22959B9600BB669F /* SPDownloader.swift in Sources */ = {isa = PBXBuildFile; fileRef = F43EEBEE22959B9600BB669F /* SPDownloader.swift */; };
		F43EEC9022959B9600BB669F /* SPBufer.swift in Sources */ = {isa = PBXBuildFile; fileRef = F43EEBF022959B9600BB669F /* SPBufer.swift */; };
		F43EEC9122959B9600BB669F /* SPTwitter.swift in Sources */ = {isa = PBXBuildFile; fileRef = F43EEBF322959B9600BB669F /* SPTwitter.swift */; };
		F43EEC9222959B9600BB669F /* SPViber.swift in Sources */ = {isa = PBXBuildFile; fileRef = F43EEBF522959B9600BB669F /* SPViber.swift */; };
		F43EEC9322959B9600BB669F /* SPTelegram.swift in Sources */ = {isa = PBXBuildFile; fileRef = F43EEBF722959B9600BB669F /* SPTelegram.swift */; };
		F43EEC9422959B9600BB669F /* SPInstagram.swift in Sources */ = {isa = PBXBuildFile; fileRef = F43EEBF922959B9600BB669F /* SPInstagram.swift */; };
		F43EEC9522959B9600BB669F /* SPWhatsApp.swift in Sources */ = {isa = PBXBuildFile; fileRef = F43EEBFB22959B9600BB669F /* SPWhatsApp.swift */; };
		F43EEC9622959B9600BB669F /* SPAudio.swift in Sources */ = {isa = PBXBuildFile; fileRef = F43EEBFD22959B9600BB669F /* SPAudio.swift */; };
		F43EEC9722959B9600BB669F /* SPAudioPlayer.swift in Sources */ = {isa = PBXBuildFile; fileRef = F43EEBFE22959B9600BB669F /* SPAudioPlayer.swift */; };
		F43EEC9822959B9600BB669F /* SPCodeAudioIconPack.swift in Sources */ = {isa = PBXBuildFile; fileRef = F43EEC0022959B9600BB669F /* SPCodeAudioIconPack.swift */; };
		F43EEC9922959B9600BB669F /* SPCodeSocialIconPack.swift in Sources */ = {isa = PBXBuildFile; fileRef = F43EEC0122959B9600BB669F /* SPCodeSocialIconPack.swift */; };
		F43EEC9A22959B9600BB669F /* SPCodeSystemIconPack.swift in Sources */ = {isa = PBXBuildFile; fileRef = F43EEC0222959B9600BB669F /* SPCodeSystemIconPack.swift */; };
		F43EEC9B22959B9600BB669F /* SPCodeDraw.swift in Sources */ = {isa = PBXBuildFile; fileRef = F43EEC0322959B9600BB669F /* SPCodeDraw.swift */; };
		F43EEC9C22959B9600BB669F /* SPGolubevGolubevIconPack.swift in Sources */ = {isa = PBXBuildFile; fileRef = F43EEC0422959B9600BB669F /* SPGolubevGolubevIconPack.swift */; };
		F43EEC9D22959B9600BB669F /* SPDevice.swift in Sources */ = {isa = PBXBuildFile; fileRef = F43EEC0622959B9600BB669F /* SPDevice.swift */; };
		F43EEC9E22959B9600BB669F /* SPRandom.swift in Sources */ = {isa = PBXBuildFile; fileRef = F43EEC0822959B9600BB669F /* SPRandom.swift */; };
		F43EEC9F22959B9600BB669F /* SPDelay.swift in Sources */ = {isa = PBXBuildFile; fileRef = F43EEC0A22959B9600BB669F /* SPDelay.swift */; };
		F43EECA022959B9600BB669F /* SPShare.swift in Sources */ = {isa = PBXBuildFile; fileRef = F43EEC0C22959B9600BB669F /* SPShare.swift */; };
		F43EECA122959B9600BB669F /* SPPermissionDialog.swift in Sources */ = {isa = PBXBuildFile; fileRef = F43EEC0F22959B9600BB669F /* SPPermissionDialog.swift */; };
		F43EECA222959B9600BB669F /* SPPermissionStyleAnimation.swift in Sources */ = {isa = PBXBuildFile; fileRef = F43EEC1122959B9600BB669F /* SPPermissionStyleAnimation.swift */; };
		F43EECA322959B9600BB669F /* SPPermissionStyleOrientation.swift in Sources */ = {isa = PBXBuildFile; fileRef = F43EEC1222959B9600BB669F /* SPPermissionStyleOrientation.swift */; };
		F43EECA422959B9600BB669F /* SPPermissionStyle.swift in Sources */ = {isa = PBXBuildFile; fileRef = F43EEC1322959B9600BB669F /* SPPermissionStyle.swift */; };
		F43EECA522959B9600BB669F /* SPPermissionStyleShadow.swift in Sources */ = {isa = PBXBuildFile; fileRef = F43EEC1422959B9600BB669F /* SPPermissionStyleShadow.swift */; };
		F43EECA622959B9600BB669F /* SPPermissionStyleDelay.swift in Sources */ = {isa = PBXBuildFile; fileRef = F43EEC1522959B9600BB669F /* SPPermissionStyleDelay.swift */; };
		F43EECA722959B9600BB669F /* SPPermissionStyleColors.swift in Sources */ = {isa = PBXBuildFile; fileRef = F43EEC1622959B9600BB669F /* SPPermissionStyleColors.swift */; };
		F43EECA822959B9600BB669F /* SPPermissionDialogController.swift in Sources */ = {isa = PBXBuildFile; fileRef = F43EEC1822959B9600BB669F /* SPPermissionDialogController.swift */; };
		F43EECA922959B9600BB669F /* SPPermissionCloseIconView.swift in Sources */ = {isa = PBXBuildFile; fileRef = F43EEC1A22959B9600BB669F /* SPPermissionCloseIconView.swift */; };
		F43EECAA22959B9600BB669F /* SPPermissionIconView.swift in Sources */ = {isa = PBXBuildFile; fileRef = F43EEC1B22959B9600BB669F /* SPPermissionIconView.swift */; };
		F43EECAB22959B9600BB669F /* SPPermissionBlurView.swift in Sources */ = {isa = PBXBuildFile; fileRef = F43EEC1C22959B9600BB669F /* SPPermissionBlurView.swift */; };
		F43EECAC22959B9600BB669F /* SPPermissionActionButton.swift in Sources */ = {isa = PBXBuildFile; fileRef = F43EEC1D22959B9600BB669F /* SPPermissionActionButton.swift */; };
		F43EECAD22959B9600BB669F /* SPPermissionDialogView.swift in Sources */ = {isa = PBXBuildFile; fileRef = F43EEC1E22959B9600BB669F /* SPPermissionDialogView.swift */; };
		F43EECAE22959B9600BB669F /* SPPermissionCloseButton.swift in Sources */ = {isa = PBXBuildFile; fileRef = F43EEC1F22959B9600BB669F /* SPPermissionCloseButton.swift */; };
		F43EECAF22959B9600BB669F /* SPPermissionDrawIconPack.swift in Sources */ = {isa = PBXBuildFile; fileRef = F43EEC2122959B9600BB669F /* SPPermissionDrawIconPack.swift */; };
		F43EECB022959B9600BB669F /* SPPermissionDraw.swift in Sources */ = {isa = PBXBuildFile; fileRef = F43EEC2222959B9600BB669F /* SPPermissionDraw.swift */; };
		F43EECB122959B9600BB669F /* SPPermissionDrawPermissionPack.swift in Sources */ = {isa = PBXBuildFile; fileRef = F43EEC2322959B9600BB669F /* SPPermissionDrawPermissionPack.swift */; };
		F43EECB222959B9600BB669F /* SPPermission.swift in Sources */ = {isa = PBXBuildFile; fileRef = F43EEC2422959B9600BB669F /* SPPermission.swift */; };
		F43EECB322959B9600BB669F /* SPPermissionType.swift in Sources */ = {isa = PBXBuildFile; fileRef = F43EEC2522959B9600BB669F /* SPPermissionType.swift */; };
		F43EECB422959B9600BB669F /* SPRequestPermissionLocationHandler.swift in Sources */ = {isa = PBXBuildFile; fileRef = F43EEC2722959B9600BB669F /* SPRequestPermissionLocationHandler.swift */; };
		F4FADBF5225379E70027C912 /* LaunchScreen.storyboard in Resources */ = {isa = PBXBuildFile; fileRef = F4FADB33225379E60027C912 /* LaunchScreen.storyboard */; };
		F4FADBF6225379E70027C912 /* AppDelegate.swift in Sources */ = {isa = PBXBuildFile; fileRef = F4FADB34225379E60027C912 /* AppDelegate.swift */; };
		F4FADC80225379E70027C912 /* Controller.swift in Sources */ = {isa = PBXBuildFile; fileRef = F4FADBF1225379E70027C912 /* Controller.swift */; };
		F4FADC81225379E70027C912 /* Delegate.swift in Sources */ = {isa = PBXBuildFile; fileRef = F4FADBF2225379E70027C912 /* Delegate.swift */; };
		F4FADC82225379E70027C912 /* ColorSource.swift in Sources */ = {isa = PBXBuildFile; fileRef = F4FADBF3225379E70027C912 /* ColorSource.swift */; };
		F4FADC83225379E70027C912 /* DataSource.swift in Sources */ = {isa = PBXBuildFile; fileRef = F4FADBF4225379E70027C912 /* DataSource.swift */; };
		F4FADC85225379F10027C912 /* Media.xcassets in Resources */ = {isa = PBXBuildFile; fileRef = F4FADC84225379F10027C912 /* Media.xcassets */; };
/* End PBXBuildFile section */

/* Begin PBXFileReference section */
		F43EEB6B22959B9600BB669F /* SPVibration.swift */ = {isa = PBXFileReference; fileEncoding = 4; lastKnownFileType = sourcecode.swift; path = SPVibration.swift; sourceTree = "<group>"; };
		F43EEB6F22959B9600BB669F /* SPPromoTableViewCell.swift */ = {isa = PBXFileReference; fileEncoding = 4; lastKnownFileType = sourcecode.swift; path = SPPromoTableViewCell.swift; sourceTree = "<group>"; };
		F43EEB7122959B9600BB669F /* SPFormButtonTableViewCell.swift */ = {isa = PBXFileReference; fileEncoding = 4; lastKnownFileType = sourcecode.swift; path = SPFormButtonTableViewCell.swift; sourceTree = "<group>"; };
		F43EEB7222959B9600BB669F /* SPFormMailTableViewCell.swift */ = {isa = PBXFileReference; fileEncoding = 4; lastKnownFileType = sourcecode.swift; path = SPFormMailTableViewCell.swift; sourceTree = "<group>"; };
		F43EEB7322959B9600BB669F /* SPFormLabelTableViewCell.swift */ = {isa = PBXFileReference; fileEncoding = 4; lastKnownFileType = sourcecode.swift; path = SPFormLabelTableViewCell.swift; sourceTree = "<group>"; };
		F43EEB7422959B9600BB669F /* SPFormTextFiledTableViewCell.swift */ = {isa = PBXFileReference; fileEncoding = 4; lastKnownFileType = sourcecode.swift; path = SPFormTextFiledTableViewCell.swift; sourceTree = "<group>"; };
		F43EEB7522959B9600BB669F /* SPFormFeaturedTitleTableViewCell.swift */ = {isa = PBXFileReference; fileEncoding = 4; lastKnownFileType = sourcecode.swift; path = SPFormFeaturedTitleTableViewCell.swift; sourceTree = "<group>"; };
		F43EEB7622959B9600BB669F /* SPFormTextInputTableViewCell.swift */ = {isa = PBXFileReference; fileEncoding = 4; lastKnownFileType = sourcecode.swift; path = SPFormTextInputTableViewCell.swift; sourceTree = "<group>"; };
		F43EEB7722959B9600BB669F /* SPFormTextTableViewCell.swift */ = {isa = PBXFileReference; fileEncoding = 4; lastKnownFileType = sourcecode.swift; path = SPFormTextTableViewCell.swift; sourceTree = "<group>"; };
		F43EEB7822959B9600BB669F /* SPMengTransformTableViewCell.swift */ = {isa = PBXFileReference; fileEncoding = 4; lastKnownFileType = sourcecode.swift; path = SPMengTransformTableViewCell.swift; sourceTree = "<group>"; };
		F43EEB7922959B9600BB669F /* SPImageTableViewCell.swift */ = {isa = PBXFileReference; fileEncoding = 4; lastKnownFileType = sourcecode.swift; path = SPImageTableViewCell.swift; sourceTree = "<group>"; };
		F43EEB7A22959B9600BB669F /* SPProposeTableViewCell.swift */ = {isa = PBXFileReference; fileEncoding = 4; lastKnownFileType = sourcecode.swift; path = SPProposeTableViewCell.swift; sourceTree = "<group>"; };
		F43EEB7B22959B9600BB669F /* SPBaseContentTableViewCell.swift */ = {isa = PBXFileReference; fileEncoding = 4; lastKnownFileType = sourcecode.swift; path = SPBaseContentTableViewCell.swift; sourceTree = "<group>"; };
		F43EEB7C22959B9600BB669F /* SPTableViewCell.swift */ = {isa = PBXFileReference; fileEncoding = 4; lastKnownFileType = sourcecode.swift; path = SPTableViewCell.swift; sourceTree = "<group>"; };
		F43EEB7E22959B9600BB669F /* SPTableView.swift */ = {isa = PBXFileReference; fileEncoding = 4; lastKnownFileType = sourcecode.swift; path = SPTableView.swift; sourceTree = "<group>"; };
		F43EEB8022959B9600BB669F /* SPPlayCircleButton.swift */ = {isa = PBXFileReference; fileEncoding = 4; lastKnownFileType = sourcecode.swift; path = SPPlayCircleButton.swift; sourceTree = "<group>"; };
		F43EEB8122959B9600BB669F /* SPSocialButton.swift */ = {isa = PBXFileReference; fileEncoding = 4; lastKnownFileType = sourcecode.swift; path = SPSocialButton.swift; sourceTree = "<group>"; };
		F43EEB8222959B9600BB669F /* SPAppleMusicSectionButtonsView.swift */ = {isa = PBXFileReference; fileEncoding = 4; lastKnownFileType = sourcecode.swift; path = SPAppleMusicSectionButtonsView.swift; sourceTree = "<group>"; };
		F43EEB8322959B9600BB669F /* SPDotsButton.swift */ = {isa = PBXFileReference; fileEncoding = 4; lastKnownFileType = sourcecode.swift; path = SPDotsButton.swift; sourceTree = "<group>"; };
		F43EEB8422959B9600BB669F /* SPSystemIconButton.swift */ = {isa = PBXFileReference; fileEncoding = 4; lastKnownFileType = sourcecode.swift; path = SPSystemIconButton.swift; sourceTree = "<group>"; };
		F43EEB8522959B9600BB669F /* SPNativeLargeButton.swift */ = {isa = PBXFileReference; fileEncoding = 4; lastKnownFileType = sourcecode.swift; path = SPNativeLargeButton.swift; sourceTree = "<group>"; };
		F43EEB8622959B9600BB669F /* SPDownloadingButton.swift */ = {isa = PBXFileReference; fileEncoding = 4; lastKnownFileType = sourcecode.swift; path = SPDownloadingButton.swift; sourceTree = "<group>"; };
		F43EEB8722959B9600BB669F /* SPButton.swift */ = {isa = PBXFileReference; fileEncoding = 4; lastKnownFileType = sourcecode.swift; path = SPButton.swift; sourceTree = "<group>"; };
		F43EEB8822959B9600BB669F /* SPCircleCloseButton.swift */ = {isa = PBXFileReference; fileEncoding = 4; lastKnownFileType = sourcecode.swift; path = SPCircleCloseButton.swift; sourceTree = "<group>"; };
		F43EEB8922959B9600BB669F /* SPAppStoreActionButton.swift */ = {isa = PBXFileReference; fileEncoding = 4; lastKnownFileType = sourcecode.swift; path = SPAppStoreActionButton.swift; sourceTree = "<group>"; };
		F43EEB8A22959B9600BB669F /* SPAppleMusicButton.swift */ = {isa = PBXFileReference; fileEncoding = 4; lastKnownFileType = sourcecode.swift; path = SPAppleMusicButton.swift; sourceTree = "<group>"; };
		F43EEB8C22959B9600BB669F /* SPImageView.swift */ = {isa = PBXFileReference; fileEncoding = 4; lastKnownFileType = sourcecode.swift; path = SPImageView.swift; sourceTree = "<group>"; };
		F43EEB8D22959B9600BB669F /* SPScrollView.swift */ = {isa = PBXFileReference; fileEncoding = 4; lastKnownFileType = sourcecode.swift; path = SPScrollView.swift; sourceTree = "<group>"; };
		F43EEB8E22959B9600BB669F /* SPFooterButtonsView.swift */ = {isa = PBXFileReference; fileEncoding = 4; lastKnownFileType = sourcecode.swift; path = SPFooterButtonsView.swift; sourceTree = "<group>"; };
		F43EEB8F22959B9600BB669F /* SPTextField.swift */ = {isa = PBXFileReference; fileEncoding = 4; lastKnownFileType = sourcecode.swift; path = SPTextField.swift; sourceTree = "<group>"; };
		F43EEB9022959B9600BB669F /* SPTextView.swift */ = {isa = PBXFileReference; fileEncoding = 4; lastKnownFileType = sourcecode.swift; path = SPTextView.swift; sourceTree = "<group>"; };
		F43EEB9122959B9600BB669F /* SPGradeBlurView.swift */ = {isa = PBXFileReference; fileEncoding = 4; lastKnownFileType = sourcecode.swift; path = SPGradeBlurView.swift; sourceTree = "<group>"; };
		F43EEB9222959B9600BB669F /* SPDownloadingUIImageView.swift */ = {isa = PBXFileReference; fileEncoding = 4; lastKnownFileType = sourcecode.swift; path = SPDownloadingUIImageView.swift; sourceTree = "<group>"; };
		F43EEB9322959B9600BB669F /* SPView.swift */ = {isa = PBXFileReference; fileEncoding = 4; lastKnownFileType = sourcecode.swift; path = SPView.swift; sourceTree = "<group>"; };
		F43EEB9422959B9600BB669F /* SPGradientView.swift */ = {isa = PBXFileReference; fileEncoding = 4; lastKnownFileType = sourcecode.swift; path = SPGradientView.swift; sourceTree = "<group>"; };
		F43EEB9522959B9600BB669F /* SPSeparatorView.swift */ = {isa = PBXFileReference; fileEncoding = 4; lastKnownFileType = sourcecode.swift; path = SPSeparatorView.swift; sourceTree = "<group>"; };
		F43EEB9622959B9600BB669F /* SPVideoPlayer.swift */ = {isa = PBXFileReference; fileEncoding = 4; lastKnownFileType = sourcecode.swift; path = SPVideoPlayer.swift; sourceTree = "<group>"; };
		F43EEB9722959B9600BB669F /* SPBlurView.swift */ = {isa = PBXFileReference; fileEncoding = 4; lastKnownFileType = sourcecode.swift; path = SPBlurView.swift; sourceTree = "<group>"; };
		F43EEB9922959B9600BB669F /* SPEmptyLabelsView.swift */ = {isa = PBXFileReference; fileEncoding = 4; lastKnownFileType = sourcecode.swift; path = SPEmptyLabelsView.swift; sourceTree = "<group>"; };
		F43EEB9A22959B9600BB669F /* SPSectionLabelsView.swift */ = {isa = PBXFileReference; fileEncoding = 4; lastKnownFileType = sourcecode.swift; path = SPSectionLabelsView.swift; sourceTree = "<group>"; };
		F43EEB9B22959B9600BB669F /* SPLabel.swift */ = {isa = PBXFileReference; fileEncoding = 4; lastKnownFileType = sourcecode.swift; path = SPLabel.swift; sourceTree = "<group>"; };
		F43EEB9C22959B9600BB669F /* SPCenterLabelsView.swift */ = {isa = PBXFileReference; fileEncoding = 4; lastKnownFileType = sourcecode.swift; path = SPCenterLabelsView.swift; sourceTree = "<group>"; };
		F43EEB9E22959B9600BB669F /* SPAudioIconView.swift */ = {isa = PBXFileReference; fileEncoding = 4; lastKnownFileType = sourcecode.swift; path = SPAudioIconView.swift; sourceTree = "<group>"; };
		F43EEB9F22959B9600BB669F /* SPSocialIconView.swift */ = {isa = PBXFileReference; fileEncoding = 4; lastKnownFileType = sourcecode.swift; path = SPSocialIconView.swift; sourceTree = "<group>"; };
		F43EEBA022959B9600BB669F /* SPSystemIconView.swift */ = {isa = PBXFileReference; fileEncoding = 4; lastKnownFileType = sourcecode.swift; path = SPSystemIconView.swift; sourceTree = "<group>"; };
		F43EEBA122959B9600BB669F /* SPGolubevIconView.swift */ = {isa = PBXFileReference; fileEncoding = 4; lastKnownFileType = sourcecode.swift; path = SPGolubevIconView.swift; sourceTree = "<group>"; };
		F43EEBA322959B9600BB669F /* SPProposeController.swift */ = {isa = PBXFileReference; fileEncoding = 4; lastKnownFileType = sourcecode.swift; path = SPProposeController.swift; sourceTree = "<group>"; };
		F43EEBA422959B9600BB669F /* SPNativeTableController.swift */ = {isa = PBXFileReference; fileEncoding = 4; lastKnownFileType = sourcecode.swift; path = SPNativeTableController.swift; sourceTree = "<group>"; };
		F43EEBA522959B9600BB669F /* SPTableController.swift */ = {isa = PBXFileReference; fileEncoding = 4; lastKnownFileType = sourcecode.swift; path = SPTableController.swift; sourceTree = "<group>"; };
		F43EEBA622959B9600BB669F /* SPStatusBarManagerController.swift */ = {isa = PBXFileReference; fileEncoding = 4; lastKnownFileType = sourcecode.swift; path = SPStatusBarManagerController.swift; sourceTree = "<group>"; };
		F43EEBA722959B9600BB669F /* SPController.swift */ = {isa = PBXFileReference; fileEncoding = 4; lastKnownFileType = sourcecode.swift; path = SPController.swift; sourceTree = "<group>"; };
		F43EEBAA22959B9600BB669F /* SPCollectionViewCell.swift */ = {isa = PBXFileReference; fileEncoding = 4; lastKnownFileType = sourcecode.swift; path = SPCollectionViewCell.swift; sourceTree = "<group>"; };
		F43EEBAB22959B9600BB669F /* SPMengTransformCollectionViewCell.swift */ = {isa = PBXFileReference; fileEncoding = 4; lastKnownFileType = sourcecode.swift; path = SPMengTransformCollectionViewCell.swift; sourceTree = "<group>"; };
		F43EEBAC22959B9600BB669F /* SPImageCollectionViewCell.swift */ = {isa = PBXFileReference; fileEncoding = 4; lastKnownFileType = sourcecode.swift; path = SPImageCollectionViewCell.swift; sourceTree = "<group>"; };
		F43EEBAE22959B9600BB669F /* SPCollectionViewLayout.swift */ = {isa = PBXFileReference; fileEncoding = 4; lastKnownFileType = sourcecode.swift; path = SPCollectionViewLayout.swift; sourceTree = "<group>"; };
		F43EEBB022959B9600BB669F /* SPMengTransformCollectionView.swift */ = {isa = PBXFileReference; fileEncoding = 4; lastKnownFileType = sourcecode.swift; path = SPMengTransformCollectionView.swift; sourceTree = "<group>"; };
		F43EEBB122959B9600BB669F /* SPCollectionView.swift */ = {isa = PBXFileReference; fileEncoding = 4; lastKnownFileType = sourcecode.swift; path = SPCollectionView.swift; sourceTree = "<group>"; };
		F43EEBB222959B9600BB669F /* SPImagesCollectionView.swift */ = {isa = PBXFileReference; fileEncoding = 4; lastKnownFileType = sourcecode.swift; path = SPImagesCollectionView.swift; sourceTree = "<group>"; };
		F43EEBB322959B9600BB669F /* SPPageCollectionView.swift */ = {isa = PBXFileReference; fileEncoding = 4; lastKnownFileType = sourcecode.swift; path = SPPageCollectionView.swift; sourceTree = "<group>"; };
		F43EEBB522959B9600BB669F /* SPTypes.swift */ = {isa = PBXFileReference; fileEncoding = 4; lastKnownFileType = sourcecode.swift; path = SPTypes.swift; sourceTree = "<group>"; };
		F43EEBB722959B9600BB669F /* SPLocale.swift */ = {isa = PBXFileReference; fileEncoding = 4; lastKnownFileType = sourcecode.swift; path = SPLocale.swift; sourceTree = "<group>"; };
		F43EEBB922959B9600BB669F /* SPUIAlertControllerExtenshion.swift */ = {isa = PBXFileReference; fileEncoding = 4; lastKnownFileType = sourcecode.swift; path = SPUIAlertControllerExtenshion.swift; sourceTree = "<group>"; };
		F43EEBBA22959B9600BB669F /* SPUITableViewCellExtenshion.swift */ = {isa = PBXFileReference; fileEncoding = 4; lastKnownFileType = sourcecode.swift; path = SPUITableViewCellExtenshion.swift; sourceTree = "<group>"; };
		F43EEBBB22959B9600BB669F /* SPUITextFieldExtenshion.swift */ = {isa = PBXFileReference; fileEncoding = 4; lastKnownFileType = sourcecode.swift; path = SPUITextFieldExtenshion.swift; sourceTree = "<group>"; };
		F43EEBBC22959B9600BB669F /* SPUIScrollViewExtenshion.swift */ = {isa = PBXFileReference; fileEncoding = 4; lastKnownFileType = sourcecode.swift; path = SPUIScrollViewExtenshion.swift; sourceTree = "<group>"; };
		F43EEBBD22959B9600BB669F /* SPUIFontExtenshion.swift */ = {isa = PBXFileReference; fileEncoding = 4; lastKnownFileType = sourcecode.swift; path = SPUIFontExtenshion.swift; sourceTree = "<group>"; };
		F43EEBBE22959B9600BB669F /* SPUIImageExtension.swift */ = {isa = PBXFileReference; fileEncoding = 4; lastKnownFileType = sourcecode.swift; path = SPUIImageExtension.swift; sourceTree = "<group>"; };
		F43EEBBF22959B9600BB669F /* SPUITableView.swift */ = {isa = PBXFileReference; fileEncoding = 4; lastKnownFileType = sourcecode.swift; path = SPUITableView.swift; sourceTree = "<group>"; };
		F43EEBC022959B9600BB669F /* SPUIViewExtenshion.swift */ = {isa = PBXFileReference; fileEncoding = 4; lastKnownFileType = sourcecode.swift; path = SPUIViewExtenshion.swift; sourceTree = "<group>"; };
		F43EEBC122959B9600BB669F /* SPArrayExtension.swift */ = {isa = PBXFileReference; fileEncoding = 4; lastKnownFileType = sourcecode.swift; path = SPArrayExtension.swift; sourceTree = "<group>"; };
		F43EEBC222959B9600BB669F /* SPUserDefaultsExtenshion.swift */ = {isa = PBXFileReference; fileEncoding = 4; lastKnownFileType = sourcecode.swift; path = SPUserDefaultsExtenshion.swift; sourceTree = "<group>"; };
		F43EEBC322959B9600BB669F /* SPUIViewControllerExtenshion.swift */ = {isa = PBXFileReference; fileEncoding = 4; lastKnownFileType = sourcecode.swift; path = SPUIViewControllerExtenshion.swift; sourceTree = "<group>"; };
		F43EEBC422959B9600BB669F /* SPStringExtenshion.swift */ = {isa = PBXFileReference; fileEncoding = 4; lastKnownFileType = sourcecode.swift; path = SPStringExtenshion.swift; sourceTree = "<group>"; };
		F43EEBC522959B9600BB669F /* SPStrideableExtension.swift */ = {isa = PBXFileReference; fileEncoding = 4; lastKnownFileType = sourcecode.swift; path = SPStrideableExtension.swift; sourceTree = "<group>"; };
		F43EEBC622959B9600BB669F /* SPUIVisualEffectViewExtenshion.swift */ = {isa = PBXFileReference; fileEncoding = 4; lastKnownFileType = sourcecode.swift; path = SPUIVisualEffectViewExtenshion.swift; sourceTree = "<group>"; };
		F43EEBC722959B9600BB669F /* SPUICollectionViewExtenshion.swift */ = {isa = PBXFileReference; fileEncoding = 4; lastKnownFileType = sourcecode.swift; path = SPUICollectionViewExtenshion.swift; sourceTree = "<group>"; };
		F43EEBC822959B9600BB669F /* SPTextFieldExtenshion.swift */ = {isa = PBXFileReference; fileEncoding = 4; lastKnownFileType = sourcecode.swift; path = SPTextFieldExtenshion.swift; sourceTree = "<group>"; };
		F43EEBC922959B9600BB669F /* SPUITabBarControllerExtenshion.swift */ = {isa = PBXFileReference; fileEncoding = 4; lastKnownFileType = sourcecode.swift; path = SPUITabBarControllerExtenshion.swift; sourceTree = "<group>"; };
		F43EEBCA22959B9600BB669F /* SPUINavigationControllerExtenshion.swift */ = {isa = PBXFileReference; fileEncoding = 4; lastKnownFileType = sourcecode.swift; path = SPUINavigationControllerExtenshion.swift; sourceTree = "<group>"; };
		F43EEBCB22959B9600BB669F /* SPCGRectExtension.swift */ = {isa = PBXFileReference; fileEncoding = 4; lastKnownFileType = sourcecode.swift; path = SPCGRectExtension.swift; sourceTree = "<group>"; };
		F43EEBCC22959B9600BB669F /* SPUILabelExtenshion.swift */ = {isa = PBXFileReference; fileEncoding = 4; lastKnownFileType = sourcecode.swift; path = SPUILabelExtenshion.swift; sourceTree = "<group>"; };
		F43EEBCD22959B9600BB669F /* SPDateExtenshion.swift */ = {isa = PBXFileReference; fileEncoding = 4; lastKnownFileType = sourcecode.swift; path = SPDateExtenshion.swift; sourceTree = "<group>"; };
		F43EEBCE22959B9600BB669F /* SPCGSizeExtenshion.swift */ = {isa = PBXFileReference; fileEncoding = 4; lastKnownFileType = sourcecode.swift; path = SPCGSizeExtenshion.swift; sourceTree = "<group>"; };
		F43EEBCF22959B9600BB669F /* SPUIImageViewExtenshion.swift */ = {isa = PBXFileReference; fileEncoding = 4; lastKnownFileType = sourcecode.swift; path = SPUIImageViewExtenshion.swift; sourceTree = "<group>"; };
		F43EEBD022959B9600BB669F /* SPUIColorExtension.swift */ = {isa = PBXFileReference; fileEncoding = 4; lastKnownFileType = sourcecode.swift; path = SPUIColorExtension.swift; sourceTree = "<group>"; };
		F43EEBD122959B9600BB669F /* SPUIButtonExtenshion.swift */ = {isa = PBXFileReference; fileEncoding = 4; lastKnownFileType = sourcecode.swift; path = SPUIButtonExtenshion.swift; sourceTree = "<group>"; };
		F43EEBD322959B9600BB669F /* SPAppOpener.swift */ = {isa = PBXFileReference; fileEncoding = 4; lastKnownFileType = sourcecode.swift; path = SPAppOpener.swift; sourceTree = "<group>"; };
		F43EEBD422959B9600BB669F /* SPApp.swift */ = {isa = PBXFileReference; fileEncoding = 4; lastKnownFileType = sourcecode.swift; path = SPApp.swift; sourceTree = "<group>"; };
		F43EEBD522959B9600BB669F /* SPAppBadge.swift */ = {isa = PBXFileReference; fileEncoding = 4; lastKnownFileType = sourcecode.swift; path = SPAppBadge.swift; sourceTree = "<group>"; };
		F43EEBD622959B9600BB669F /* SPAppLaunch.swift */ = {isa = PBXFileReference; fileEncoding = 4; lastKnownFileType = sourcecode.swift; path = SPAppLaunch.swift; sourceTree = "<group>"; };
		F43EEBD822959B9600BB669F /* SPNativeColors.swift */ = {isa = PBXFileReference; fileEncoding = 4; lastKnownFileType = sourcecode.swift; path = SPNativeColors.swift; sourceTree = "<group>"; };
		F43EEBDA22959B9600BB669F /* SPConstraints.swift */ = {isa = PBXFileReference; fileEncoding = 4; lastKnownFileType = sourcecode.swift; path = SPConstraints.swift; sourceTree = "<group>"; };
		F43EEBDC22959B9600BB669F /* SPLocalAuthentication.swift */ = {isa = PBXFileReference; fileEncoding = 4; lastKnownFileType = sourcecode.swift; path = SPLocalAuthentication.swift; sourceTree = "<group>"; };
		F43EEBDE22959B9600BB669F /* SPAppStore.swift */ = {isa = PBXFileReference; fileEncoding = 4; lastKnownFileType = sourcecode.swift; path = SPAppStore.swift; sourceTree = "<group>"; };
		F43EEBE022959B9600BB669F /* SPLocalNotification.swift */ = {isa = PBXFileReference; fileEncoding = 4; lastKnownFileType = sourcecode.swift; path = SPLocalNotification.swift; sourceTree = "<group>"; };
		F43EEBE222959B9600BB669F /* SPMail.swift */ = {isa = PBXFileReference; fileEncoding = 4; lastKnownFileType = sourcecode.swift; path = SPMail.swift; sourceTree = "<group>"; };
		F43EEBE422959B9600BB669F /* SPLayout.swift */ = {isa = PBXFileReference; fileEncoding = 4; lastKnownFileType = sourcecode.swift; path = SPLayout.swift; sourceTree = "<group>"; };
		F43EEBE622959B9600BB669F /* SPShadow.swift */ = {isa = PBXFileReference; fileEncoding = 4; lastKnownFileType = sourcecode.swift; path = SPShadow.swift; sourceTree = "<group>"; };
		F43EEBE722959B9600BB669F /* SPShadowDeep.swift */ = {isa = PBXFileReference; fileEncoding = 4; lastKnownFileType = sourcecode.swift; path = SPShadowDeep.swift; sourceTree = "<group>"; };
		F43EEBE922959B9600BB669F /* SPAnimationUpward.swift */ = {isa = PBXFileReference; fileEncoding = 4; lastKnownFileType = sourcecode.swift; path = SPAnimationUpward.swift; sourceTree = "<group>"; };
		F43EEBEA22959B9600BB669F /* SPAnimationSpring.swift */ = {isa = PBXFileReference; fileEncoding = 4; lastKnownFileType = sourcecode.swift; path = SPAnimationSpring.swift; sourceTree = "<group>"; };
		F43EEBEB22959B9600BB669F /* SPAnimationAlpha.swift */ = {isa = PBXFileReference; fileEncoding = 4; lastKnownFileType = sourcecode.swift; path = SPAnimationAlpha.swift; sourceTree = "<group>"; };
		F43EEBEC22959B9600BB669F /* SPAnimation.swift */ = {isa = PBXFileReference; fileEncoding = 4; lastKnownFileType = sourcecode.swift; path = SPAnimation.swift; sourceTree = "<group>"; };
		F43EEBEE22959B9600BB669F /* SPDownloader.swift */ = {isa = PBXFileReference; fileEncoding = 4; lastKnownFileType = sourcecode.swift; path = SPDownloader.swift; sourceTree = "<group>"; };
		F43EEBF022959B9600BB669F /* SPBufer.swift */ = {isa = PBXFileReference; fileEncoding = 4; lastKnownFileType = sourcecode.swift; path = SPBufer.swift; sourceTree = "<group>"; };
		F43EEBF322959B9600BB669F /* SPTwitter.swift */ = {isa = PBXFileReference; fileEncoding = 4; lastKnownFileType = sourcecode.swift; path = SPTwitter.swift; sourceTree = "<group>"; };
		F43EEBF522959B9600BB669F /* SPViber.swift */ = {isa = PBXFileReference; fileEncoding = 4; lastKnownFileType = sourcecode.swift; path = SPViber.swift; sourceTree = "<group>"; };
		F43EEBF722959B9600BB669F /* SPTelegram.swift */ = {isa = PBXFileReference; fileEncoding = 4; lastKnownFileType = sourcecode.swift; path = SPTelegram.swift; sourceTree = "<group>"; };
		F43EEBF922959B9600BB669F /* SPInstagram.swift */ = {isa = PBXFileReference; fileEncoding = 4; lastKnownFileType = sourcecode.swift; path = SPInstagram.swift; sourceTree = "<group>"; };
		F43EEBFB22959B9600BB669F /* SPWhatsApp.swift */ = {isa = PBXFileReference; fileEncoding = 4; lastKnownFileType = sourcecode.swift; path = SPWhatsApp.swift; sourceTree = "<group>"; };
		F43EEBFD22959B9600BB669F /* SPAudio.swift */ = {isa = PBXFileReference; fileEncoding = 4; lastKnownFileType = sourcecode.swift; path = SPAudio.swift; sourceTree = "<group>"; };
		F43EEBFE22959B9600BB669F /* SPAudioPlayer.swift */ = {isa = PBXFileReference; fileEncoding = 4; lastKnownFileType = sourcecode.swift; path = SPAudioPlayer.swift; sourceTree = "<group>"; };
		F43EEC0022959B9600BB669F /* SPCodeAudioIconPack.swift */ = {isa = PBXFileReference; fileEncoding = 4; lastKnownFileType = sourcecode.swift; path = SPCodeAudioIconPack.swift; sourceTree = "<group>"; };
		F43EEC0122959B9600BB669F /* SPCodeSocialIconPack.swift */ = {isa = PBXFileReference; fileEncoding = 4; lastKnownFileType = sourcecode.swift; path = SPCodeSocialIconPack.swift; sourceTree = "<group>"; };
		F43EEC0222959B9600BB669F /* SPCodeSystemIconPack.swift */ = {isa = PBXFileReference; fileEncoding = 4; lastKnownFileType = sourcecode.swift; path = SPCodeSystemIconPack.swift; sourceTree = "<group>"; };
		F43EEC0322959B9600BB669F /* SPCodeDraw.swift */ = {isa = PBXFileReference; fileEncoding = 4; lastKnownFileType = sourcecode.swift; path = SPCodeDraw.swift; sourceTree = "<group>"; };
		F43EEC0422959B9600BB669F /* SPGolubevGolubevIconPack.swift */ = {isa = PBXFileReference; fileEncoding = 4; lastKnownFileType = sourcecode.swift; path = SPGolubevGolubevIconPack.swift; sourceTree = "<group>"; };
		F43EEC0622959B9600BB669F /* SPDevice.swift */ = {isa = PBXFileReference; fileEncoding = 4; lastKnownFileType = sourcecode.swift; path = SPDevice.swift; sourceTree = "<group>"; };
		F43EEC0822959B9600BB669F /* SPRandom.swift */ = {isa = PBXFileReference; fileEncoding = 4; lastKnownFileType = sourcecode.swift; path = SPRandom.swift; sourceTree = "<group>"; };
		F43EEC0A22959B9600BB669F /* SPDelay.swift */ = {isa = PBXFileReference; fileEncoding = 4; lastKnownFileType = sourcecode.swift; path = SPDelay.swift; sourceTree = "<group>"; };
		F43EEC0C22959B9600BB669F /* SPShare.swift */ = {isa = PBXFileReference; fileEncoding = 4; lastKnownFileType = sourcecode.swift; path = SPShare.swift; sourceTree = "<group>"; };
		F43EEC0F22959B9600BB669F /* SPPermissionDialog.swift */ = {isa = PBXFileReference; fileEncoding = 4; lastKnownFileType = sourcecode.swift; path = SPPermissionDialog.swift; sourceTree = "<group>"; };
		F43EEC1122959B9600BB669F /* SPPermissionStyleAnimation.swift */ = {isa = PBXFileReference; fileEncoding = 4; lastKnownFileType = sourcecode.swift; path = SPPermissionStyleAnimation.swift; sourceTree = "<group>"; };
		F43EEC1222959B9600BB669F /* SPPermissionStyleOrientation.swift */ = {isa = PBXFileReference; fileEncoding = 4; lastKnownFileType = sourcecode.swift; path = SPPermissionStyleOrientation.swift; sourceTree = "<group>"; };
		F43EEC1322959B9600BB669F /* SPPermissionStyle.swift */ = {isa = PBXFileReference; fileEncoding = 4; lastKnownFileType = sourcecode.swift; path = SPPermissionStyle.swift; sourceTree = "<group>"; };
		F43EEC1422959B9600BB669F /* SPPermissionStyleShadow.swift */ = {isa = PBXFileReference; fileEncoding = 4; lastKnownFileType = sourcecode.swift; path = SPPermissionStyleShadow.swift; sourceTree = "<group>"; };
		F43EEC1522959B9600BB669F /* SPPermissionStyleDelay.swift */ = {isa = PBXFileReference; fileEncoding = 4; lastKnownFileType = sourcecode.swift; path = SPPermissionStyleDelay.swift; sourceTree = "<group>"; };
		F43EEC1622959B9600BB669F /* SPPermissionStyleColors.swift */ = {isa = PBXFileReference; fileEncoding = 4; lastKnownFileType = sourcecode.swift; path = SPPermissionStyleColors.swift; sourceTree = "<group>"; };
		F43EEC1822959B9600BB669F /* SPPermissionDialogController.swift */ = {isa = PBXFileReference; fileEncoding = 4; lastKnownFileType = sourcecode.swift; path = SPPermissionDialogController.swift; sourceTree = "<group>"; };
		F43EEC1A22959B9600BB669F /* SPPermissionCloseIconView.swift */ = {isa = PBXFileReference; fileEncoding = 4; lastKnownFileType = sourcecode.swift; path = SPPermissionCloseIconView.swift; sourceTree = "<group>"; };
		F43EEC1B22959B9600BB669F /* SPPermissionIconView.swift */ = {isa = PBXFileReference; fileEncoding = 4; lastKnownFileType = sourcecode.swift; path = SPPermissionIconView.swift; sourceTree = "<group>"; };
		F43EEC1C22959B9600BB669F /* SPPermissionBlurView.swift */ = {isa = PBXFileReference; fileEncoding = 4; lastKnownFileType = sourcecode.swift; path = SPPermissionBlurView.swift; sourceTree = "<group>"; };
		F43EEC1D22959B9600BB669F /* SPPermissionActionButton.swift */ = {isa = PBXFileReference; fileEncoding = 4; lastKnownFileType = sourcecode.swift; path = SPPermissionActionButton.swift; sourceTree = "<group>"; };
		F43EEC1E22959B9600BB669F /* SPPermissionDialogView.swift */ = {isa = PBXFileReference; fileEncoding = 4; lastKnownFileType = sourcecode.swift; path = SPPermissionDialogView.swift; sourceTree = "<group>"; };
		F43EEC1F22959B9600BB669F /* SPPermissionCloseButton.swift */ = {isa = PBXFileReference; fileEncoding = 4; lastKnownFileType = sourcecode.swift; path = SPPermissionCloseButton.swift; sourceTree = "<group>"; };
		F43EEC2122959B9600BB669F /* SPPermissionDrawIconPack.swift */ = {isa = PBXFileReference; fileEncoding = 4; lastKnownFileType = sourcecode.swift; path = SPPermissionDrawIconPack.swift; sourceTree = "<group>"; };
		F43EEC2222959B9600BB669F /* SPPermissionDraw.swift */ = {isa = PBXFileReference; fileEncoding = 4; lastKnownFileType = sourcecode.swift; path = SPPermissionDraw.swift; sourceTree = "<group>"; };
		F43EEC2322959B9600BB669F /* SPPermissionDrawPermissionPack.swift */ = {isa = PBXFileReference; fileEncoding = 4; lastKnownFileType = sourcecode.swift; path = SPPermissionDrawPermissionPack.swift; sourceTree = "<group>"; };
		F43EEC2422959B9600BB669F /* SPPermission.swift */ = {isa = PBXFileReference; fileEncoding = 4; lastKnownFileType = sourcecode.swift; path = SPPermission.swift; sourceTree = "<group>"; };
		F43EEC2522959B9600BB669F /* SPPermissionType.swift */ = {isa = PBXFileReference; fileEncoding = 4; lastKnownFileType = sourcecode.swift; path = SPPermissionType.swift; sourceTree = "<group>"; };
		F43EEC2722959B9600BB669F /* SPRequestPermissionLocationHandler.swift */ = {isa = PBXFileReference; fileEncoding = 4; lastKnownFileType = sourcecode.swift; path = SPRequestPermissionLocationHandler.swift; sourceTree = "<group>"; };
		F4FADB1D225379AE0027C912 /* SPPermission.app */ = {isa = PBXFileReference; explicitFileType = wrapper.application; includeInIndex = 0; path = SPPermission.app; sourceTree = BUILT_PRODUCTS_DIR; };
		F4FADB2C225379AF0027C912 /* Info.plist */ = {isa = PBXFileReference; lastKnownFileType = text.plist.xml; path = Info.plist; sourceTree = "<group>"; };
		F4FADB33225379E60027C912 /* LaunchScreen.storyboard */ = {isa = PBXFileReference; fileEncoding = 4; lastKnownFileType = file.storyboard; path = LaunchScreen.storyboard; sourceTree = "<group>"; };
		F4FADB34225379E60027C912 /* AppDelegate.swift */ = {isa = PBXFileReference; fileEncoding = 4; lastKnownFileType = sourcecode.swift; path = AppDelegate.swift; sourceTree = "<group>"; };
		F4FADBF1225379E70027C912 /* Controller.swift */ = {isa = PBXFileReference; fileEncoding = 4; lastKnownFileType = sourcecode.swift; path = Controller.swift; sourceTree = "<group>"; };
		F4FADBF2225379E70027C912 /* Delegate.swift */ = {isa = PBXFileReference; fileEncoding = 4; lastKnownFileType = sourcecode.swift; path = Delegate.swift; sourceTree = "<group>"; };
		F4FADBF3225379E70027C912 /* ColorSource.swift */ = {isa = PBXFileReference; fileEncoding = 4; lastKnownFileType = sourcecode.swift; path = ColorSource.swift; sourceTree = "<group>"; };
		F4FADBF4225379E70027C912 /* DataSource.swift */ = {isa = PBXFileReference; fileEncoding = 4; lastKnownFileType = sourcecode.swift; path = DataSource.swift; sourceTree = "<group>"; };
		F4FADC84225379F10027C912 /* Media.xcassets */ = {isa = PBXFileReference; lastKnownFileType = folder.assetcatalog; path = Media.xcassets; sourceTree = "<group>"; };
/* End PBXFileReference section */

/* Begin PBXFrameworksBuildPhase section */
		F4FADB1A225379AE0027C912 /* Frameworks */ = {
			isa = PBXFrameworksBuildPhase;
			buildActionMask = 2147483647;
			files = (
			);
			runOnlyForDeploymentPostprocessing = 0;
		};
/* End PBXFrameworksBuildPhase section */

/* Begin PBXGroup section */
		F43EEB6922959B9600BB669F /* SparrowKit */ = {
			isa = PBXGroup;
			children = (
				F43EEB6A22959B9600BB669F /* Vibration */,
				F43EEB6C22959B9600BB669F /* UI */,
				F43EEBB422959B9600BB669F /* Types */,
				F43EEBB622959B9600BB669F /* Locale */,
				F43EEBB822959B9600BB669F /* Extension */,
				F43EEBD222959B9600BB669F /* App */,
				F43EEBD722959B9600BB669F /* Native */,
				F43EEBD922959B9600BB669F /* Constraints */,
				F43EEBDB22959B9600BB669F /* Local Authentication */,
				F43EEBDD22959B9600BB669F /* AppStore */,
				F43EEBDF22959B9600BB669F /* Notification */,
				F43EEBE122959B9600BB669F /* Mail */,
				F43EEBE322959B9600BB669F /* Layout */,
				F43EEBE522959B9600BB669F /* Shadow */,
				F43EEBE822959B9600BB669F /* Animation */,
				F43EEBED22959B9600BB669F /* Downloader */,
				F43EEBEF22959B9600BB669F /* Bufer */,
				F43EEBF122959B9600BB669F /* Social */,
				F43EEBFC22959B9600BB669F /* Audio */,
				F43EEBFF22959B9600BB669F /* Code Draw */,
				F43EEC0522959B9600BB669F /* Device */,
				F43EEC0722959B9600BB669F /* Random */,
				F43EEC0922959B9600BB669F /* Delay */,
				F43EEC0B22959B9600BB669F /* Share */,
			);
			path = SparrowKit;
			sourceTree = "<group>";
		};
		F43EEB6A22959B9600BB669F /* Vibration */ = {
			isa = PBXGroup;
			children = (
				F43EEB6B22959B9600BB669F /* SPVibration.swift */,
			);
			path = Vibration;
			sourceTree = "<group>";
		};
		F43EEB6C22959B9600BB669F /* UI */ = {
			isa = PBXGroup;
			children = (
				F43EEB6D22959B9600BB669F /* Tables */,
				F43EEB7F22959B9600BB669F /* Buttons */,
				F43EEB8B22959B9600BB669F /* Other */,
				F43EEB9822959B9600BB669F /* Labels */,
				F43EEB9D22959B9600BB669F /* Code Draw */,
				F43EEBA222959B9600BB669F /* Controllers */,
				F43EEBA822959B9600BB669F /* Collections */,
			);
			path = UI;
			sourceTree = "<group>";
		};
		F43EEB6D22959B9600BB669F /* Tables */ = {
			isa = PBXGroup;
			children = (
				F43EEB6E22959B9600BB669F /* Cells */,
				F43EEB7D22959B9600BB669F /* Views */,
			);
			path = Tables;
			sourceTree = "<group>";
		};
		F43EEB6E22959B9600BB669F /* Cells */ = {
			isa = PBXGroup;
			children = (
				F43EEB6F22959B9600BB669F /* SPPromoTableViewCell.swift */,
				F43EEB7022959B9600BB669F /* Form */,
				F43EEB7822959B9600BB669F /* SPMengTransformTableViewCell.swift */,
				F43EEB7922959B9600BB669F /* SPImageTableViewCell.swift */,
				F43EEB7A22959B9600BB669F /* SPProposeTableViewCell.swift */,
				F43EEB7B22959B9600BB669F /* SPBaseContentTableViewCell.swift */,
				F43EEB7C22959B9600BB669F /* SPTableViewCell.swift */,
			);
			path = Cells;
			sourceTree = "<group>";
		};
		F43EEB7022959B9600BB669F /* Form */ = {
			isa = PBXGroup;
			children = (
				F43EEB7122959B9600BB669F /* SPFormButtonTableViewCell.swift */,
				F43EEB7222959B9600BB669F /* SPFormMailTableViewCell.swift */,
				F43EEB7322959B9600BB669F /* SPFormLabelTableViewCell.swift */,
				F43EEB7422959B9600BB669F /* SPFormTextFiledTableViewCell.swift */,
				F43EEB7522959B9600BB669F /* SPFormFeaturedTitleTableViewCell.swift */,
				F43EEB7622959B9600BB669F /* SPFormTextInputTableViewCell.swift */,
				F43EEB7722959B9600BB669F /* SPFormTextTableViewCell.swift */,
			);
			path = Form;
			sourceTree = "<group>";
		};
		F43EEB7D22959B9600BB669F /* Views */ = {
			isa = PBXGroup;
			children = (
				F43EEB7E22959B9600BB669F /* SPTableView.swift */,
			);
			path = Views;
			sourceTree = "<group>";
		};
		F43EEB7F22959B9600BB669F /* Buttons */ = {
			isa = PBXGroup;
			children = (
				F43EEB8022959B9600BB669F /* SPPlayCircleButton.swift */,
				F43EEB8122959B9600BB669F /* SPSocialButton.swift */,
				F43EEB8222959B9600BB669F /* SPAppleMusicSectionButtonsView.swift */,
				F43EEB8322959B9600BB669F /* SPDotsButton.swift */,
				F43EEB8422959B9600BB669F /* SPSystemIconButton.swift */,
				F43EEB8522959B9600BB669F /* SPNativeLargeButton.swift */,
				F43EEB8622959B9600BB669F /* SPDownloadingButton.swift */,
				F43EEB8722959B9600BB669F /* SPButton.swift */,
				F43EEB8822959B9600BB669F /* SPCircleCloseButton.swift */,
				F43EEB8922959B9600BB669F /* SPAppStoreActionButton.swift */,
				F43EEB8A22959B9600BB669F /* SPAppleMusicButton.swift */,
			);
			path = Buttons;
			sourceTree = "<group>";
		};
		F43EEB8B22959B9600BB669F /* Other */ = {
			isa = PBXGroup;
			children = (
				F43EEB8C22959B9600BB669F /* SPImageView.swift */,
				F43EEB8D22959B9600BB669F /* SPScrollView.swift */,
				F43EEB8E22959B9600BB669F /* SPFooterButtonsView.swift */,
				F43EEB8F22959B9600BB669F /* SPTextField.swift */,
				F43EEB9022959B9600BB669F /* SPTextView.swift */,
				F43EEB9122959B9600BB669F /* SPGradeBlurView.swift */,
				F43EEB9222959B9600BB669F /* SPDownloadingUIImageView.swift */,
				F43EEB9322959B9600BB669F /* SPView.swift */,
				F43EEB9422959B9600BB669F /* SPGradientView.swift */,
				F43EEB9522959B9600BB669F /* SPSeparatorView.swift */,
				F43EEB9622959B9600BB669F /* SPVideoPlayer.swift */,
				F43EEB9722959B9600BB669F /* SPBlurView.swift */,
			);
			path = Other;
			sourceTree = "<group>";
		};
		F43EEB9822959B9600BB669F /* Labels */ = {
			isa = PBXGroup;
			children = (
				F43EEB9922959B9600BB669F /* SPEmptyLabelsView.swift */,
				F43EEB9A22959B9600BB669F /* SPSectionLabelsView.swift */,
				F43EEB9B22959B9600BB669F /* SPLabel.swift */,
				F43EEB9C22959B9600BB669F /* SPCenterLabelsView.swift */,
			);
			path = Labels;
			sourceTree = "<group>";
		};
		F43EEB9D22959B9600BB669F /* Code Draw */ = {
			isa = PBXGroup;
			children = (
				F43EEB9E22959B9600BB669F /* SPAudioIconView.swift */,
				F43EEB9F22959B9600BB669F /* SPSocialIconView.swift */,
				F43EEBA022959B9600BB669F /* SPSystemIconView.swift */,
				F43EEBA122959B9600BB669F /* SPGolubevIconView.swift */,
			);
			path = "Code Draw";
			sourceTree = "<group>";
		};
		F43EEBA222959B9600BB669F /* Controllers */ = {
			isa = PBXGroup;
			children = (
				F43EEBA322959B9600BB669F /* SPProposeController.swift */,
				F43EEBA422959B9600BB669F /* SPNativeTableController.swift */,
				F43EEBA522959B9600BB669F /* SPTableController.swift */,
				F43EEBA622959B9600BB669F /* SPStatusBarManagerController.swift */,
				F43EEBA722959B9600BB669F /* SPController.swift */,
			);
			path = Controllers;
			sourceTree = "<group>";
		};
		F43EEBA822959B9600BB669F /* Collections */ = {
			isa = PBXGroup;
			children = (
				F43EEBA922959B9600BB669F /* Cells */,
				F43EEBAD22959B9600BB669F /* Layouts */,
				F43EEBAF22959B9600BB669F /* Views */,
			);
			path = Collections;
			sourceTree = "<group>";
		};
		F43EEBA922959B9600BB669F /* Cells */ = {
			isa = PBXGroup;
			children = (
				F43EEBAA22959B9600BB669F /* SPCollectionViewCell.swift */,
				F43EEBAB22959B9600BB669F /* SPMengTransformCollectionViewCell.swift */,
				F43EEBAC22959B9600BB669F /* SPImageCollectionViewCell.swift */,
			);
			path = Cells;
			sourceTree = "<group>";
		};
		F43EEBAD22959B9600BB669F /* Layouts */ = {
			isa = PBXGroup;
			children = (
				F43EEBAE22959B9600BB669F /* SPCollectionViewLayout.swift */,
			);
			path = Layouts;
			sourceTree = "<group>";
		};
		F43EEBAF22959B9600BB669F /* Views */ = {
			isa = PBXGroup;
			children = (
				F43EEBB022959B9600BB669F /* SPMengTransformCollectionView.swift */,
				F43EEBB122959B9600BB669F /* SPCollectionView.swift */,
				F43EEBB222959B9600BB669F /* SPImagesCollectionView.swift */,
				F43EEBB322959B9600BB669F /* SPPageCollectionView.swift */,
			);
			path = Views;
			sourceTree = "<group>";
		};
		F43EEBB422959B9600BB669F /* Types */ = {
			isa = PBXGroup;
			children = (
				F43EEBB522959B9600BB669F /* SPTypes.swift */,
			);
			path = Types;
			sourceTree = "<group>";
		};
		F43EEBB622959B9600BB669F /* Locale */ = {
			isa = PBXGroup;
			children = (
				F43EEBB722959B9600BB669F /* SPLocale.swift */,
			);
			path = Locale;
			sourceTree = "<group>";
		};
		F43EEBB822959B9600BB669F /* Extension */ = {
			isa = PBXGroup;
			children = (
				F43EEBB922959B9600BB669F /* SPUIAlertControllerExtenshion.swift */,
				F43EEBBA22959B9600BB669F /* SPUITableViewCellExtenshion.swift */,
				F43EEBBB22959B9600BB669F /* SPUITextFieldExtenshion.swift */,
				F43EEBBC22959B9600BB669F /* SPUIScrollViewExtenshion.swift */,
				F43EEBBD22959B9600BB669F /* SPUIFontExtenshion.swift */,
				F43EEBBE22959B9600BB669F /* SPUIImageExtension.swift */,
				F43EEBBF22959B9600BB669F /* SPUITableView.swift */,
				F43EEBC022959B9600BB669F /* SPUIViewExtenshion.swift */,
				F43EEBC122959B9600BB669F /* SPArrayExtension.swift */,
				F43EEBC222959B9600BB669F /* SPUserDefaultsExtenshion.swift */,
				F43EEBC322959B9600BB669F /* SPUIViewControllerExtenshion.swift */,
				F43EEBC422959B9600BB669F /* SPStringExtenshion.swift */,
				F43EEBC522959B9600BB669F /* SPStrideableExtension.swift */,
				F43EEBC622959B9600BB669F /* SPUIVisualEffectViewExtenshion.swift */,
				F43EEBC722959B9600BB669F /* SPUICollectionViewExtenshion.swift */,
				F43EEBC822959B9600BB669F /* SPTextFieldExtenshion.swift */,
				F43EEBC922959B9600BB669F /* SPUITabBarControllerExtenshion.swift */,
				F43EEBCA22959B9600BB669F /* SPUINavigationControllerExtenshion.swift */,
				F43EEBCB22959B9600BB669F /* SPCGRectExtension.swift */,
				F43EEBCC22959B9600BB669F /* SPUILabelExtenshion.swift */,
				F43EEBCD22959B9600BB669F /* SPDateExtenshion.swift */,
				F43EEBCE22959B9600BB669F /* SPCGSizeExtenshion.swift */,
				F43EEBCF22959B9600BB669F /* SPUIImageViewExtenshion.swift */,
				F43EEBD022959B9600BB669F /* SPUIColorExtension.swift */,
				F43EEBD122959B9600BB669F /* SPUIButtonExtenshion.swift */,
			);
			path = Extension;
			sourceTree = "<group>";
		};
		F43EEBD222959B9600BB669F /* App */ = {
			isa = PBXGroup;
			children = (
				F43EEBD322959B9600BB669F /* SPAppOpener.swift */,
				F43EEBD422959B9600BB669F /* SPApp.swift */,
				F43EEBD522959B9600BB669F /* SPAppBadge.swift */,
				F43EEBD622959B9600BB669F /* SPAppLaunch.swift */,
			);
			path = App;
			sourceTree = "<group>";
		};
		F43EEBD722959B9600BB669F /* Native */ = {
			isa = PBXGroup;
			children = (
				F43EEBD822959B9600BB669F /* SPNativeColors.swift */,
			);
			path = Native;
			sourceTree = "<group>";
		};
		F43EEBD922959B9600BB669F /* Constraints */ = {
			isa = PBXGroup;
			children = (
				F43EEBDA22959B9600BB669F /* SPConstraints.swift */,
			);
			path = Constraints;
			sourceTree = "<group>";
		};
		F43EEBDB22959B9600BB669F /* Local Authentication */ = {
			isa = PBXGroup;
			children = (
				F43EEBDC22959B9600BB669F /* SPLocalAuthentication.swift */,
			);
			path = "Local Authentication";
			sourceTree = "<group>";
		};
		F43EEBDD22959B9600BB669F /* AppStore */ = {
			isa = PBXGroup;
			children = (
				F43EEBDE22959B9600BB669F /* SPAppStore.swift */,
			);
			path = AppStore;
			sourceTree = "<group>";
		};
		F43EEBDF22959B9600BB669F /* Notification */ = {
			isa = PBXGroup;
			children = (
				F43EEBE022959B9600BB669F /* SPLocalNotification.swift */,
			);
			path = Notification;
			sourceTree = "<group>";
		};
		F43EEBE122959B9600BB669F /* Mail */ = {
			isa = PBXGroup;
			children = (
				F43EEBE222959B9600BB669F /* SPMail.swift */,
			);
			path = Mail;
			sourceTree = "<group>";
		};
		F43EEBE322959B9600BB669F /* Layout */ = {
			isa = PBXGroup;
			children = (
				F43EEBE422959B9600BB669F /* SPLayout.swift */,
			);
			path = Layout;
			sourceTree = "<group>";
		};
		F43EEBE522959B9600BB669F /* Shadow */ = {
			isa = PBXGroup;
			children = (
				F43EEBE622959B9600BB669F /* SPShadow.swift */,
				F43EEBE722959B9600BB669F /* SPShadowDeep.swift */,
			);
			path = Shadow;
			sourceTree = "<group>";
		};
		F43EEBE822959B9600BB669F /* Animation */ = {
			isa = PBXGroup;
			children = (
				F43EEBE922959B9600BB669F /* SPAnimationUpward.swift */,
				F43EEBEA22959B9600BB669F /* SPAnimationSpring.swift */,
				F43EEBEB22959B9600BB669F /* SPAnimationAlpha.swift */,
				F43EEBEC22959B9600BB669F /* SPAnimation.swift */,
			);
			path = Animation;
			sourceTree = "<group>";
		};
		F43EEBED22959B9600BB669F /* Downloader */ = {
			isa = PBXGroup;
			children = (
				F43EEBEE22959B9600BB669F /* SPDownloader.swift */,
			);
			path = Downloader;
			sourceTree = "<group>";
		};
		F43EEBEF22959B9600BB669F /* Bufer */ = {
			isa = PBXGroup;
			children = (
				F43EEBF022959B9600BB669F /* SPBufer.swift */,
			);
			path = Bufer;
			sourceTree = "<group>";
		};
		F43EEBF122959B9600BB669F /* Social */ = {
			isa = PBXGroup;
			children = (
				F43EEBF222959B9600BB669F /* Twitter */,
				F43EEBF422959B9600BB669F /* Viber */,
				F43EEBF622959B9600BB669F /* Telegram */,
				F43EEBF822959B9600BB669F /* Instagram */,
				F43EEBFA22959B9600BB669F /* Whatsapp */,
			);
			path = Social;
			sourceTree = "<group>";
		};
		F43EEBF222959B9600BB669F /* Twitter */ = {
			isa = PBXGroup;
			children = (
				F43EEBF322959B9600BB669F /* SPTwitter.swift */,
			);
			path = Twitter;
			sourceTree = "<group>";
		};
		F43EEBF422959B9600BB669F /* Viber */ = {
			isa = PBXGroup;
			children = (
				F43EEBF522959B9600BB669F /* SPViber.swift */,
			);
			path = Viber;
			sourceTree = "<group>";
		};
		F43EEBF622959B9600BB669F /* Telegram */ = {
			isa = PBXGroup;
			children = (
				F43EEBF722959B9600BB669F /* SPTelegram.swift */,
			);
			path = Telegram;
			sourceTree = "<group>";
		};
		F43EEBF822959B9600BB669F /* Instagram */ = {
			isa = PBXGroup;
			children = (
				F43EEBF922959B9600BB669F /* SPInstagram.swift */,
			);
			path = Instagram;
			sourceTree = "<group>";
		};
		F43EEBFA22959B9600BB669F /* Whatsapp */ = {
			isa = PBXGroup;
			children = (
				F43EEBFB22959B9600BB669F /* SPWhatsApp.swift */,
			);
			path = Whatsapp;
			sourceTree = "<group>";
		};
		F43EEBFC22959B9600BB669F /* Audio */ = {
			isa = PBXGroup;
			children = (
				F43EEBFD22959B9600BB669F /* SPAudio.swift */,
				F43EEBFE22959B9600BB669F /* SPAudioPlayer.swift */,
			);
			path = Audio;
			sourceTree = "<group>";
		};
		F43EEBFF22959B9600BB669F /* Code Draw */ = {
			isa = PBXGroup;
			children = (
				F43EEC0022959B9600BB669F /* SPCodeAudioIconPack.swift */,
				F43EEC0122959B9600BB669F /* SPCodeSocialIconPack.swift */,
				F43EEC0222959B9600BB669F /* SPCodeSystemIconPack.swift */,
				F43EEC0322959B9600BB669F /* SPCodeDraw.swift */,
				F43EEC0422959B9600BB669F /* SPGolubevGolubevIconPack.swift */,
			);
			path = "Code Draw";
			sourceTree = "<group>";
		};
		F43EEC0522959B9600BB669F /* Device */ = {
			isa = PBXGroup;
			children = (
				F43EEC0622959B9600BB669F /* SPDevice.swift */,
			);
			path = Device;
			sourceTree = "<group>";
		};
		F43EEC0722959B9600BB669F /* Random */ = {
			isa = PBXGroup;
			children = (
				F43EEC0822959B9600BB669F /* SPRandom.swift */,
			);
			path = Random;
			sourceTree = "<group>";
		};
		F43EEC0922959B9600BB669F /* Delay */ = {
			isa = PBXGroup;
			children = (
				F43EEC0A22959B9600BB669F /* SPDelay.swift */,
			);
			path = Delay;
			sourceTree = "<group>";
		};
		F43EEC0B22959B9600BB669F /* Share */ = {
			isa = PBXGroup;
			children = (
				F43EEC0C22959B9600BB669F /* SPShare.swift */,
			);
			path = Share;
			sourceTree = "<group>";
		};
		F43EEC0D22959B9600BB669F /* SPPermission */ = {
			isa = PBXGroup;
			children = (
				F43EEC0E22959B9600BB669F /* Dialog */,
				F43EEC2422959B9600BB669F /* SPPermission.swift */,
				F43EEC2522959B9600BB669F /* SPPermissionType.swift */,
				F43EEC2622959B9600BB669F /* Handlers */,
			);
			path = SPPermission;
			sourceTree = "<group>";
		};
		F43EEC0E22959B9600BB669F /* Dialog */ = {
			isa = PBXGroup;
			children = (
				F43EEC0F22959B9600BB669F /* SPPermissionDialog.swift */,
				F43EEC1022959B9600BB669F /* Style */,
				F43EEC1722959B9600BB669F /* Controllers */,
				F43EEC1922959B9600BB669F /* Views */,
				F43EEC2022959B9600BB669F /* Draw */,
			);
			path = Dialog;
			sourceTree = "<group>";
		};
		F43EEC1022959B9600BB669F /* Style */ = {
			isa = PBXGroup;
			children = (
				F43EEC1122959B9600BB669F /* SPPermissionStyleAnimation.swift */,
				F43EEC1222959B9600BB669F /* SPPermissionStyleOrientation.swift */,
				F43EEC1322959B9600BB669F /* SPPermissionStyle.swift */,
				F43EEC1422959B9600BB669F /* SPPermissionStyleShadow.swift */,
				F43EEC1522959B9600BB669F /* SPPermissionStyleDelay.swift */,
				F43EEC1622959B9600BB669F /* SPPermissionStyleColors.swift */,
			);
			path = Style;
			sourceTree = "<group>";
		};
		F43EEC1722959B9600BB669F /* Controllers */ = {
			isa = PBXGroup;
			children = (
				F43EEC1822959B9600BB669F /* SPPermissionDialogController.swift */,
			);
			path = Controllers;
			sourceTree = "<group>";
		};
		F43EEC1922959B9600BB669F /* Views */ = {
			isa = PBXGroup;
			children = (
				F43EEC1A22959B9600BB669F /* SPPermissionCloseIconView.swift */,
				F43EEC1B22959B9600BB669F /* SPPermissionIconView.swift */,
				F43EEC1C22959B9600BB669F /* SPPermissionBlurView.swift */,
				F43EEC1D22959B9600BB669F /* SPPermissionActionButton.swift */,
				F43EEC1E22959B9600BB669F /* SPPermissionDialogView.swift */,
				F43EEC1F22959B9600BB669F /* SPPermissionCloseButton.swift */,
			);
			path = Views;
			sourceTree = "<group>";
		};
		F43EEC2022959B9600BB669F /* Draw */ = {
			isa = PBXGroup;
			children = (
				F43EEC2122959B9600BB669F /* SPPermissionDrawIconPack.swift */,
				F43EEC2222959B9600BB669F /* SPPermissionDraw.swift */,
				F43EEC2322959B9600BB669F /* SPPermissionDrawPermissionPack.swift */,
			);
			path = Draw;
			sourceTree = "<group>";
		};
		F43EEC2622959B9600BB669F /* Handlers */ = {
			isa = PBXGroup;
			children = (
				F43EEC2722959B9600BB669F /* SPRequestPermissionLocationHandler.swift */,
			);
			path = Handlers;
			sourceTree = "<group>";
		};
		F4FADB14225379AE0027C912 = {
			isa = PBXGroup;
			children = (
				F4FADB1F225379AE0027C912 /* SPPermission */,
				F4FADB1E225379AE0027C912 /* Products */,
			);
			sourceTree = "<group>";
		};
		F4FADB1E225379AE0027C912 /* Products */ = {
			isa = PBXGroup;
			children = (
				F4FADB1D225379AE0027C912 /* SPPermission.app */,
			);
			name = Products;
			sourceTree = "<group>";
		};
		F4FADB1F225379AE0027C912 /* SPPermission */ = {
			isa = PBXGroup;
			children = (
				F4FADB32225379E60027C912 /* App */,
				F4FADBF0225379E70027C912 /* Controllers */,
				F4FADB35225379E60027C912 /* Frameworks */,
				F4FADB2C225379AF0027C912 /* Info.plist */,
			);
			path = SPPermission;
			sourceTree = "<group>";
		};
		F4FADB32225379E60027C912 /* App */ = {
			isa = PBXGroup;
			children = (
				F4FADB34225379E60027C912 /* AppDelegate.swift */,
				F4FADB33225379E60027C912 /* LaunchScreen.storyboard */,
				F4FADC84225379F10027C912 /* Media.xcassets */,
			);
			path = App;
			sourceTree = "<group>";
		};
		F4FADB35225379E60027C912 /* Frameworks */ = {
			isa = PBXGroup;
			children = (
				F43EEB6922959B9600BB669F /* SparrowKit */,
				F43EEC0D22959B9600BB669F /* SPPermission */,
			);
			path = Frameworks;
			sourceTree = "<group>";
		};
		F4FADBF0225379E70027C912 /* Controllers */ = {
			isa = PBXGroup;
			children = (
				F4FADBF1225379E70027C912 /* Controller.swift */,
				F4FADBF2225379E70027C912 /* Delegate.swift */,
				F4FADBF3225379E70027C912 /* ColorSource.swift */,
				F4FADBF4225379E70027C912 /* DataSource.swift */,
			);
			path = Controllers;
			sourceTree = "<group>";
		};
/* End PBXGroup section */

/* Begin PBXNativeTarget section */
		F4FADB1C225379AE0027C912 /* SPPermission */ = {
			isa = PBXNativeTarget;
			buildConfigurationList = F4FADB2F225379AF0027C912 /* Build configuration list for PBXNativeTarget "SPPermission" */;
			buildPhases = (
				F4FADB19225379AE0027C912 /* Sources */,
				F4FADB1A225379AE0027C912 /* Frameworks */,
				F4FADB1B225379AE0027C912 /* Resources */,
			);
			buildRules = (
			);
			dependencies = (
			);
			name = SPPermission;
			productName = SPPermission;
			productReference = F4FADB1D225379AE0027C912 /* SPPermission.app */;
			productType = "com.apple.product-type.application";
		};
/* End PBXNativeTarget section */

/* Begin PBXProject section */
		F4FADB15225379AE0027C912 /* Project object */ = {
			isa = PBXProject;
			attributes = {
				LastSwiftUpdateCheck = 1020;
				LastUpgradeCheck = 1020;
				ORGANIZATIONNAME = "Ivan Vorobei";
				TargetAttributes = {
					F4FADB1C225379AE0027C912 = {
						CreatedOnToolsVersion = 10.2;
					};
				};
			};
			buildConfigurationList = F4FADB18225379AE0027C912 /* Build configuration list for PBXProject "SPPermission" */;
			compatibilityVersion = "Xcode 9.3";
			developmentRegion = en;
			hasScannedForEncodings = 0;
			knownRegions = (
				en,
				Base,
			);
			mainGroup = F4FADB14225379AE0027C912;
			productRefGroup = F4FADB1E225379AE0027C912 /* Products */;
			projectDirPath = "";
			projectRoot = "";
			targets = (
				F4FADB1C225379AE0027C912 /* SPPermission */,
			);
		};
/* End PBXProject section */

/* Begin PBXResourcesBuildPhase section */
		F4FADB1B225379AE0027C912 /* Resources */ = {
			isa = PBXResourcesBuildPhase;
			buildActionMask = 2147483647;
			files = (
				F4FADC85225379F10027C912 /* Media.xcassets in Resources */,
				F4FADBF5225379E70027C912 /* LaunchScreen.storyboard in Resources */,
			);
			runOnlyForDeploymentPostprocessing = 0;
		};
/* End PBXResourcesBuildPhase section */

/* Begin PBXSourcesBuildPhase section */
		F4FADB19225379AE0027C912 /* Sources */ = {
			isa = PBXSourcesBuildPhase;
			buildActionMask = 2147483647;
			files = (
				F43EEC6D22959B9600BB669F /* SPArrayExtension.swift in Sources */,
				F43EEC6F22959B9600BB669F /* SPUIViewControllerExtenshion.swift in Sources */,
				F43EECAE22959B9600BB669F /* SPPermissionCloseButton.swift in Sources */,
				F43EEC3E22959B9600BB669F /* SPButton.swift in Sources */,
				F43EEC7922959B9600BB669F /* SPDateExtenshion.swift in Sources */,
				F43EEC5822959B9600BB669F /* SPTableController.swift in Sources */,
				F43EEC2D22959B9600BB669F /* SPFormTextFiledTableViewCell.swift in Sources */,
				F43EEC6322959B9600BB669F /* SPTypes.swift in Sources */,
				F43EEC3522959B9600BB669F /* SPTableViewCell.swift in Sources */,
				F43EEC5122959B9600BB669F /* SPCenterLabelsView.swift in Sources */,
				F43EEC2E22959B9600BB669F /* SPFormFeaturedTitleTableViewCell.swift in Sources */,
				F43EEC8822959B9600BB669F /* SPLayout.swift in Sources */,
				F43EEC8E22959B9600BB669F /* SPAnimation.swift in Sources */,
				F43EEC9D22959B9600BB669F /* SPDevice.swift in Sources */,
				F43EEC6622959B9600BB669F /* SPUITableViewCellExtenshion.swift in Sources */,
				F43EEC8222959B9600BB669F /* SPNativeColors.swift in Sources */,
				F43EEC4422959B9600BB669F /* SPFooterButtonsView.swift in Sources */,
				F43EEC4522959B9600BB669F /* SPTextField.swift in Sources */,
				F43EEC4F22959B9600BB669F /* SPSectionLabelsView.swift in Sources */,
				F43EEC6022959B9600BB669F /* SPCollectionView.swift in Sources */,
				F43EEC5C22959B9600BB669F /* SPMengTransformCollectionViewCell.swift in Sources */,
				F43EEC8C22959B9600BB669F /* SPAnimationSpring.swift in Sources */,
				F43EEC8F22959B9600BB669F /* SPDownloader.swift in Sources */,
				F43EEC4622959B9600BB669F /* SPTextView.swift in Sources */,
				F43EEC7822959B9600BB669F /* SPUILabelExtenshion.swift in Sources */,
				F43EECB222959B9600BB669F /* SPPermission.swift in Sources */,
				F43EECB322959B9600BB669F /* SPPermissionType.swift in Sources */,
				F43EEC9022959B9600BB669F /* SPBufer.swift in Sources */,
				F43EEC5222959B9600BB669F /* SPAudioIconView.swift in Sources */,
				F43EECA722959B9600BB669F /* SPPermissionStyleColors.swift in Sources */,
				F43EEC9622959B9600BB669F /* SPAudio.swift in Sources */,
				F43EEC7222959B9600BB669F /* SPUIVisualEffectViewExtenshion.swift in Sources */,
				F43EEC9322959B9600BB669F /* SPTelegram.swift in Sources */,
				F43EEC6422959B9600BB669F /* SPLocale.swift in Sources */,
				F43EEC2A22959B9600BB669F /* SPFormButtonTableViewCell.swift in Sources */,
				F43EEC5A22959B9600BB669F /* SPController.swift in Sources */,
				F43EEC9922959B9600BB669F /* SPCodeSocialIconPack.swift in Sources */,
				F43EEC7022959B9600BB669F /* SPStringExtenshion.swift in Sources */,
				F43EEC9822959B9600BB669F /* SPCodeAudioIconPack.swift in Sources */,
				F43EEC5B22959B9600BB669F /* SPCollectionViewCell.swift in Sources */,
				F43EECAA22959B9600BB669F /* SPPermissionIconView.swift in Sources */,
				F4FADC82225379E70027C912 /* ColorSource.swift in Sources */,
				F43EEC6522959B9600BB669F /* SPUIAlertControllerExtenshion.swift in Sources */,
				F43EEC7422959B9600BB669F /* SPTextFieldExtenshion.swift in Sources */,
				F43EEC7C22959B9600BB669F /* SPUIColorExtension.swift in Sources */,
				F43EEC9F22959B9600BB669F /* SPDelay.swift in Sources */,
				F43EEC9222959B9600BB669F /* SPViber.swift in Sources */,
				F43EEC9A22959B9600BB669F /* SPCodeSystemIconPack.swift in Sources */,
				F43EEC8422959B9600BB669F /* SPLocalAuthentication.swift in Sources */,
				F43EECA822959B9600BB669F /* SPPermissionDialogController.swift in Sources */,
				F43EEC3422959B9600BB669F /* SPBaseContentTableViewCell.swift in Sources */,
				F43EEC3722959B9600BB669F /* SPPlayCircleButton.swift in Sources */,
				F43EEC7B22959B9600BB669F /* SPUIImageViewExtenshion.swift in Sources */,
				F43EECAD22959B9600BB669F /* SPPermissionDialogView.swift in Sources */,
				F43EEC6122959B9600BB669F /* SPImagesCollectionView.swift in Sources */,
				F43EEC8A22959B9600BB669F /* SPShadowDeep.swift in Sources */,
				F43EEC3622959B9600BB669F /* SPTableView.swift in Sources */,
				F43EECB422959B9600BB669F /* SPRequestPermissionLocationHandler.swift in Sources */,
				F43EECAC22959B9600BB669F /* SPPermissionActionButton.swift in Sources */,
				F43EEC3922959B9600BB669F /* SPAppleMusicSectionButtonsView.swift in Sources */,
				F43EEC4022959B9600BB669F /* SPAppStoreActionButton.swift in Sources */,
				F43EEC6822959B9600BB669F /* SPUIScrollViewExtenshion.swift in Sources */,
				F43EEC2822959B9600BB669F /* SPVibration.swift in Sources */,
				F43EEC4122959B9600BB669F /* SPAppleMusicButton.swift in Sources */,
				F43EEC5622959B9600BB669F /* SPProposeController.swift in Sources */,
				F43EEC4B22959B9600BB669F /* SPSeparatorView.swift in Sources */,
				F43EEC7E22959B9600BB669F /* SPAppOpener.swift in Sources */,
				F43EEC4222959B9600BB669F /* SPImageView.swift in Sources */,
				F43EECA622959B9600BB669F /* SPPermissionStyleDelay.swift in Sources */,
				F43EEC5022959B9600BB669F /* SPLabel.swift in Sources */,
				F43EEC4322959B9600BB669F /* SPScrollView.swift in Sources */,
				F43EEC3122959B9600BB669F /* SPMengTransformTableViewCell.swift in Sources */,
				F43EEC2B22959B9600BB669F /* SPFormMailTableViewCell.swift in Sources */,
				F43EEC8122959B9600BB669F /* SPAppLaunch.swift in Sources */,
				F43EEC8722959B9600BB669F /* SPMail.swift in Sources */,
				F43EEC5422959B9600BB669F /* SPSystemIconView.swift in Sources */,
				F43EEC9B22959B9600BB669F /* SPCodeDraw.swift in Sources */,
				F43EEC4D22959B9600BB669F /* SPBlurView.swift in Sources */,
				F43EEC5D22959B9600BB669F /* SPImageCollectionViewCell.swift in Sources */,
				F43EEC5322959B9600BB669F /* SPSocialIconView.swift in Sources */,
				F43EECAB22959B9600BB669F /* SPPermissionBlurView.swift in Sources */,
				F43EEC9E22959B9600BB669F /* SPRandom.swift in Sources */,
				F43EEC7A22959B9600BB669F /* SPCGSizeExtenshion.swift in Sources */,
				F43EEC4722959B9600BB669F /* SPGradeBlurView.swift in Sources */,
				F43EEC7122959B9600BB669F /* SPStrideableExtension.swift in Sources */,
				F43EEC2922959B9600BB669F /* SPPromoTableViewCell.swift in Sources */,
				F43EEC3C22959B9600BB669F /* SPNativeLargeButton.swift in Sources */,
				F43EEC9522959B9600BB669F /* SPWhatsApp.swift in Sources */,
				F43EECA322959B9600BB669F /* SPPermissionStyleOrientation.swift in Sources */,
				F43EEC5722959B9600BB669F /* SPNativeTableController.swift in Sources */,
				F4FADBF6225379E70027C912 /* AppDelegate.swift in Sources */,
				F43EEC6C22959B9600BB669F /* SPUIViewExtenshion.swift in Sources */,
				F43EECA022959B9600BB669F /* SPShare.swift in Sources */,
				F4FADC83225379E70027C912 /* DataSource.swift in Sources */,
				F43EEC8022959B9600BB669F /* SPAppBadge.swift in Sources */,
				F43EEC7322959B9600BB669F /* SPUICollectionViewExtenshion.swift in Sources */,
				F43EEC8622959B9600BB669F /* SPLocalNotification.swift in Sources */,
				F43EEC3322959B9600BB669F /* SPProposeTableViewCell.swift in Sources */,
				F43EEC3822959B9600BB669F /* SPSocialButton.swift in Sources */,
				F43EEC8D22959B9600BB669F /* SPAnimationAlpha.swift in Sources */,
				F43EEC9122959B9600BB669F /* SPTwitter.swift in Sources */,
				F43EEC2F22959B9600BB669F /* SPFormTextInputTableViewCell.swift in Sources */,
				F43EEC6E22959B9600BB669F /* SPUserDefaultsExtenshion.swift in Sources */,
				F43EEC9722959B9600BB669F /* SPAudioPlayer.swift in Sources */,
				F43EEC4822959B9600BB669F /* SPDownloadingUIImageView.swift in Sources */,
				F43EEC8922959B9600BB669F /* SPShadow.swift in Sources */,
				F43EEC2C22959B9600BB669F /* SPFormLabelTableViewCell.swift in Sources */,
				F43EEC3022959B9600BB669F /* SPFormTextTableViewCell.swift in Sources */,
				F43EEC7F22959B9600BB669F /* SPApp.swift in Sources */,
				F43EEC3B22959B9600BB669F /* SPSystemIconButton.swift in Sources */,
				F43EEC5522959B9600BB669F /* SPGolubevIconView.swift in Sources */,
				F43EEC4C22959B9600BB669F /* SPVideoPlayer.swift in Sources */,
				F4FADC80225379E70027C912 /* Controller.swift in Sources */,
				F43EEC3222959B9600BB669F /* SPImageTableViewCell.swift in Sources */,
				F43EEC3F22959B9600BB669F /* SPCircleCloseButton.swift in Sources */,
				F43EEC7722959B9600BB669F /* SPCGRectExtension.swift in Sources */,
				F43EEC8322959B9600BB669F /* SPConstraints.swift in Sources */,
				F43EECA522959B9600BB669F /* SPPermissionStyleShadow.swift in Sources */,
				F43EECAF22959B9600BB669F /* SPPermissionDrawIconPack.swift in Sources */,
				F43EEC4E22959B9600BB669F /* SPEmptyLabelsView.swift in Sources */,
				F43EEC6A22959B9600BB669F /* SPUIImageExtension.swift in Sources */,
				F43EEC4A22959B9600BB669F /* SPGradientView.swift in Sources */,
				F43EEC5F22959B9600BB669F /* SPMengTransformCollectionView.swift in Sources */,
				F43EECA122959B9600BB669F /* SPPermissionDialog.swift in Sources */,
				F43EEC6922959B9600BB669F /* SPUIFontExtenshion.swift in Sources */,
				F43EEC5922959B9600BB669F /* SPStatusBarManagerController.swift in Sources */,
				F43EECA222959B9600BB669F /* SPPermissionStyleAnimation.swift in Sources */,
				F43EEC5E22959B9600BB669F /* SPCollectionViewLayout.swift in Sources */,
				F43EEC9C22959B9600BB669F /* SPGolubevGolubevIconPack.swift in Sources */,
				F43EEC8522959B9600BB669F /* SPAppStore.swift in Sources */,
				F43EECB022959B9600BB669F /* SPPermissionDraw.swift in Sources */,
				F43EEC6B22959B9600BB669F /* SPUITableView.swift in Sources */,
				F43EEC3D22959B9600BB669F /* SPDownloadingButton.swift in Sources */,
				F43EECA422959B9600BB669F /* SPPermissionStyle.swift in Sources */,
				F43EEC6222959B9600BB669F /* SPPageCollectionView.swift in Sources */,
				F43EEC7D22959B9600BB669F /* SPUIButtonExtenshion.swift in Sources */,
				F43EEC3A22959B9600BB669F /* SPDotsButton.swift in Sources */,
				F43EECA922959B9600BB669F /* SPPermissionCloseIconView.swift in Sources */,
				F43EEC9422959B9600BB669F /* SPInstagram.swift in Sources */,
				F43EEC7522959B9600BB669F /* SPUITabBarControllerExtenshion.swift in Sources */,
				F43EEC6722959B9600BB669F /* SPUITextFieldExtenshion.swift in Sources */,
				F43EEC8B22959B9600BB669F /* SPAnimationUpward.swift in Sources */,
				F43EEC7622959B9600BB669F /* SPUINavigationControllerExtenshion.swift in Sources */,
				F4FADC81225379E70027C912 /* Delegate.swift in Sources */,
				F43EECB122959B9600BB669F /* SPPermissionDrawPermissionPack.swift in Sources */,
				F43EEC4922959B9600BB669F /* SPView.swift in Sources */,
			);
			runOnlyForDeploymentPostprocessing = 0;
		};
/* End PBXSourcesBuildPhase section */

/* Begin XCBuildConfiguration section */
		F4FADB2D225379AF0027C912 /* Debug */ = {
			isa = XCBuildConfiguration;
			buildSettings = {
				ALWAYS_SEARCH_USER_PATHS = NO;
				CLANG_ANALYZER_NONNULL = YES;
				CLANG_ANALYZER_NUMBER_OBJECT_CONVERSION = YES_AGGRESSIVE;
				CLANG_CXX_LANGUAGE_STANDARD = "gnu++14";
				CLANG_CXX_LIBRARY = "libc++";
				CLANG_ENABLE_MODULES = YES;
				CLANG_ENABLE_OBJC_ARC = YES;
				CLANG_ENABLE_OBJC_WEAK = YES;
				CLANG_WARN_BLOCK_CAPTURE_AUTORELEASING = YES;
				CLANG_WARN_BOOL_CONVERSION = YES;
				CLANG_WARN_COMMA = YES;
				CLANG_WARN_CONSTANT_CONVERSION = YES;
				CLANG_WARN_DEPRECATED_OBJC_IMPLEMENTATIONS = YES;
				CLANG_WARN_DIRECT_OBJC_ISA_USAGE = YES_ERROR;
				CLANG_WARN_DOCUMENTATION_COMMENTS = YES;
				CLANG_WARN_EMPTY_BODY = YES;
				CLANG_WARN_ENUM_CONVERSION = YES;
				CLANG_WARN_INFINITE_RECURSION = YES;
				CLANG_WARN_INT_CONVERSION = YES;
				CLANG_WARN_NON_LITERAL_NULL_CONVERSION = YES;
				CLANG_WARN_OBJC_IMPLICIT_RETAIN_SELF = YES;
				CLANG_WARN_OBJC_LITERAL_CONVERSION = YES;
				CLANG_WARN_OBJC_ROOT_CLASS = YES_ERROR;
				CLANG_WARN_RANGE_LOOP_ANALYSIS = YES;
				CLANG_WARN_STRICT_PROTOTYPES = YES;
				CLANG_WARN_SUSPICIOUS_MOVE = YES;
				CLANG_WARN_UNGUARDED_AVAILABILITY = YES_AGGRESSIVE;
				CLANG_WARN_UNREACHABLE_CODE = YES;
				CLANG_WARN__DUPLICATE_METHOD_MATCH = YES;
				CODE_SIGN_IDENTITY = "iPhone Developer";
				COPY_PHASE_STRIP = NO;
				DEBUG_INFORMATION_FORMAT = dwarf;
				ENABLE_STRICT_OBJC_MSGSEND = YES;
				ENABLE_TESTABILITY = YES;
				GCC_C_LANGUAGE_STANDARD = gnu11;
				GCC_DYNAMIC_NO_PIC = NO;
				GCC_NO_COMMON_BLOCKS = YES;
				GCC_OPTIMIZATION_LEVEL = 0;
				GCC_PREPROCESSOR_DEFINITIONS = (
					"DEBUG=1",
					"$(inherited)",
				);
				GCC_WARN_64_TO_32_BIT_CONVERSION = YES;
				GCC_WARN_ABOUT_RETURN_TYPE = YES_ERROR;
				GCC_WARN_UNDECLARED_SELECTOR = YES;
				GCC_WARN_UNINITIALIZED_AUTOS = YES_AGGRESSIVE;
				GCC_WARN_UNUSED_FUNCTION = YES;
				GCC_WARN_UNUSED_VARIABLE = YES;
				IPHONEOS_DEPLOYMENT_TARGET = 12.2;
				MTL_ENABLE_DEBUG_INFO = INCLUDE_SOURCE;
				MTL_FAST_MATH = YES;
				ONLY_ACTIVE_ARCH = YES;
				SDKROOT = iphoneos;
				SWIFT_ACTIVE_COMPILATION_CONDITIONS = DEBUG;
				SWIFT_OPTIMIZATION_LEVEL = "-Onone";
			};
			name = Debug;
		};
		F4FADB2E225379AF0027C912 /* Release */ = {
			isa = XCBuildConfiguration;
			buildSettings = {
				ALWAYS_SEARCH_USER_PATHS = NO;
				CLANG_ANALYZER_NONNULL = YES;
				CLANG_ANALYZER_NUMBER_OBJECT_CONVERSION = YES_AGGRESSIVE;
				CLANG_CXX_LANGUAGE_STANDARD = "gnu++14";
				CLANG_CXX_LIBRARY = "libc++";
				CLANG_ENABLE_MODULES = YES;
				CLANG_ENABLE_OBJC_ARC = YES;
				CLANG_ENABLE_OBJC_WEAK = YES;
				CLANG_WARN_BLOCK_CAPTURE_AUTORELEASING = YES;
				CLANG_WARN_BOOL_CONVERSION = YES;
				CLANG_WARN_COMMA = YES;
				CLANG_WARN_CONSTANT_CONVERSION = YES;
				CLANG_WARN_DEPRECATED_OBJC_IMPLEMENTATIONS = YES;
				CLANG_WARN_DIRECT_OBJC_ISA_USAGE = YES_ERROR;
				CLANG_WARN_DOCUMENTATION_COMMENTS = YES;
				CLANG_WARN_EMPTY_BODY = YES;
				CLANG_WARN_ENUM_CONVERSION = YES;
				CLANG_WARN_INFINITE_RECURSION = YES;
				CLANG_WARN_INT_CONVERSION = YES;
				CLANG_WARN_NON_LITERAL_NULL_CONVERSION = YES;
				CLANG_WARN_OBJC_IMPLICIT_RETAIN_SELF = YES;
				CLANG_WARN_OBJC_LITERAL_CONVERSION = YES;
				CLANG_WARN_OBJC_ROOT_CLASS = YES_ERROR;
				CLANG_WARN_RANGE_LOOP_ANALYSIS = YES;
				CLANG_WARN_STRICT_PROTOTYPES = YES;
				CLANG_WARN_SUSPICIOUS_MOVE = YES;
				CLANG_WARN_UNGUARDED_AVAILABILITY = YES_AGGRESSIVE;
				CLANG_WARN_UNREACHABLE_CODE = YES;
				CLANG_WARN__DUPLICATE_METHOD_MATCH = YES;
				CODE_SIGN_IDENTITY = "iPhone Developer";
				COPY_PHASE_STRIP = NO;
				DEBUG_INFORMATION_FORMAT = "dwarf-with-dsym";
				ENABLE_NS_ASSERTIONS = NO;
				ENABLE_STRICT_OBJC_MSGSEND = YES;
				GCC_C_LANGUAGE_STANDARD = gnu11;
				GCC_NO_COMMON_BLOCKS = YES;
				GCC_WARN_64_TO_32_BIT_CONVERSION = YES;
				GCC_WARN_ABOUT_RETURN_TYPE = YES_ERROR;
				GCC_WARN_UNDECLARED_SELECTOR = YES;
				GCC_WARN_UNINITIALIZED_AUTOS = YES_AGGRESSIVE;
				GCC_WARN_UNUSED_FUNCTION = YES;
				GCC_WARN_UNUSED_VARIABLE = YES;
				IPHONEOS_DEPLOYMENT_TARGET = 12.2;
				MTL_ENABLE_DEBUG_INFO = NO;
				MTL_FAST_MATH = YES;
				SDKROOT = iphoneos;
				SWIFT_COMPILATION_MODE = wholemodule;
				SWIFT_OPTIMIZATION_LEVEL = "-O";
				VALIDATE_PRODUCT = YES;
			};
			name = Release;
		};
		F4FADB30225379AF0027C912 /* Debug */ = {
			isa = XCBuildConfiguration;
			buildSettings = {
				ASSETCATALOG_COMPILER_APPICON_NAME = AppIcon;
				CODE_SIGN_STYLE = Automatic;
				DEVELOPMENT_TEAM = 8JMTA2AAF3;
				INFOPLIST_FILE = SPPermission/Info.plist;
				IPHONEOS_DEPLOYMENT_TARGET = 10.0;
				LD_RUNPATH_SEARCH_PATHS = (
					"$(inherited)",
					"@executable_path/Frameworks",
				);
				PRODUCT_BUNDLE_IDENTIFIER = by.ivanvorobei.sppermission;
				PRODUCT_NAME = "$(TARGET_NAME)";
				SWIFT_VERSION = 5.0;
				TARGETED_DEVICE_FAMILY = 1;
			};
			name = Debug;
		};
		F4FADB31225379AF0027C912 /* Release */ = {
			isa = XCBuildConfiguration;
			buildSettings = {
				ASSETCATALOG_COMPILER_APPICON_NAME = AppIcon;
				CODE_SIGN_STYLE = Automatic;
				DEVELOPMENT_TEAM = 8JMTA2AAF3;
				INFOPLIST_FILE = SPPermission/Info.plist;
				IPHONEOS_DEPLOYMENT_TARGET = 10.0;
				LD_RUNPATH_SEARCH_PATHS = (
					"$(inherited)",
					"@executable_path/Frameworks",
				);
				PRODUCT_BUNDLE_IDENTIFIER = by.ivanvorobei.sppermission;
				PRODUCT_NAME = "$(TARGET_NAME)";
				SWIFT_VERSION = 5.0;
				TARGETED_DEVICE_FAMILY = 1;
			};
			name = Release;
		};
/* End XCBuildConfiguration section */

/* Begin XCConfigurationList section */
		F4FADB18225379AE0027C912 /* Build configuration list for PBXProject "SPPermission" */ = {
			isa = XCConfigurationList;
			buildConfigurations = (
				F4FADB2D225379AF0027C912 /* Debug */,
				F4FADB2E225379AF0027C912 /* Release */,
			);
			defaultConfigurationIsVisible = 0;
			defaultConfigurationName = Release;
		};
		F4FADB2F225379AF0027C912 /* Build configuration list for PBXNativeTarget "SPPermission" */ = {
			isa = XCConfigurationList;
			buildConfigurations = (
				F4FADB30225379AF0027C912 /* Debug */,
				F4FADB31225379AF0027C912 /* Release */,
			);
			defaultConfigurationIsVisible = 0;
			defaultConfigurationName = Release;
		};
/* End XCConfigurationList section */
	};
	rootObject = F4FADB15225379AE0027C912 /* Project object */;
}
