// !$*UTF8*$!
{
	archiveVersion = 1;
	classes = {
	};
	objectVersion = 50;
	objects = {

/* Begin PBXBuildFile section */
		F4F8D4CF22A6E8F500C32329 /* SPPermissionPhotoLibrary.swift in Sources */ = {isa = PBXBuildFile; fileRef = F4F8D4A822A6E8F500C32329 /* SPPermissionPhotoLibrary.swift */; };
		F4F8D4D022A6E8F500C32329 /* SPPermissionLocation.swift in Sources */ = {isa = PBXBuildFile; fileRef = F4F8D4A922A6E8F500C32329 /* SPPermissionLocation.swift */; };
		F4F8D4D122A6E8F500C32329 /* SPPermissionMediaLibrary.swift in Sources */ = {isa = PBXBuildFile; fileRef = F4F8D4AA22A6E8F500C32329 /* SPPermissionMediaLibrary.swift */; };
		F4F8D4D222A6E8F500C32329 /* SPPermissionNotification.swift in Sources */ = {isa = PBXBuildFile; fileRef = F4F8D4AB22A6E8F500C32329 /* SPPermissionNotification.swift */; };
		F4F8D4D322A6E8F500C32329 /* SPPermissionCamera.swift in Sources */ = {isa = PBXBuildFile; fileRef = F4F8D4AC22A6E8F500C32329 /* SPPermissionCamera.swift */; };
		F4F8D4D422A6E8F500C32329 /* SPPermissionContacts.swift in Sources */ = {isa = PBXBuildFile; fileRef = F4F8D4AD22A6E8F500C32329 /* SPPermissionContacts.swift */; };
		F4F8D4D522A6E8F500C32329 /* SPPermissionMicrophone.swift in Sources */ = {isa = PBXBuildFile; fileRef = F4F8D4AE22A6E8F500C32329 /* SPPermissionMicrophone.swift */; };
		F4F8D4D622A6E8F500C32329 /* SPPermissionMotion.swift in Sources */ = {isa = PBXBuildFile; fileRef = F4F8D4AF22A6E8F500C32329 /* SPPermissionMotion.swift */; };
		F4F8D4D722A6E8F500C32329 /* SPPermissionReminders.swift in Sources */ = {isa = PBXBuildFile; fileRef = F4F8D4B022A6E8F500C32329 /* SPPermissionReminders.swift */; };
		F4F8D4D822A6E8F500C32329 /* SPPermissionSpeech.swift in Sources */ = {isa = PBXBuildFile; fileRef = F4F8D4B122A6E8F500C32329 /* SPPermissionSpeech.swift */; };
		F4F8D4D922A6E8F500C32329 /* SPPermissionCalendar.swift in Sources */ = {isa = PBXBuildFile; fileRef = F4F8D4B222A6E8F500C32329 /* SPPermissionCalendar.swift */; };
		F4F8D4DA22A6E8F500C32329 /* SPPermissionDialog.swift in Sources */ = {isa = PBXBuildFile; fileRef = F4F8D4B422A6E8F500C32329 /* SPPermissionDialog.swift */; };
		F4F8D4DB22A6E8F500C32329 /* SPPermissionStyleAnimation.swift in Sources */ = {isa = PBXBuildFile; fileRef = F4F8D4B622A6E8F500C32329 /* SPPermissionStyleAnimation.swift */; };
		F4F8D4DC22A6E8F500C32329 /* SPPermissionStyleOrientation.swift in Sources */ = {isa = PBXBuildFile; fileRef = F4F8D4B722A6E8F500C32329 /* SPPermissionStyleOrientation.swift */; };
		F4F8D4DD22A6E8F500C32329 /* SPPermissionStyle.swift in Sources */ = {isa = PBXBuildFile; fileRef = F4F8D4B822A6E8F500C32329 /* SPPermissionStyle.swift */; };
		F4F8D4DE22A6E8F500C32329 /* SPPermissionStyleShadow.swift in Sources */ = {isa = PBXBuildFile; fileRef = F4F8D4B922A6E8F500C32329 /* SPPermissionStyleShadow.swift */; };
		F4F8D4DF22A6E8F500C32329 /* SPPermissionStyleDelay.swift in Sources */ = {isa = PBXBuildFile; fileRef = F4F8D4BA22A6E8F500C32329 /* SPPermissionStyleDelay.swift */; };
		F4F8D4E022A6E8F500C32329 /* SPPermissionStyleColors.swift in Sources */ = {isa = PBXBuildFile; fileRef = F4F8D4BB22A6E8F500C32329 /* SPPermissionStyleColors.swift */; };
		F4F8D4E122A6E8F500C32329 /* SPPermissionDialogController.swift in Sources */ = {isa = PBXBuildFile; fileRef = F4F8D4BD22A6E8F500C32329 /* SPPermissionDialogController.swift */; };
		F4F8D4E222A6E8F500C32329 /* SPPermissionCloseIconView.swift in Sources */ = {isa = PBXBuildFile; fileRef = F4F8D4BF22A6E8F500C32329 /* SPPermissionCloseIconView.swift */; };
		F4F8D4E322A6E8F500C32329 /* SPPermissionIconView.swift in Sources */ = {isa = PBXBuildFile; fileRef = F4F8D4C022A6E8F500C32329 /* SPPermissionIconView.swift */; };
		F4F8D4E422A6E8F500C32329 /* SPPermissionBlurView.swift in Sources */ = {isa = PBXBuildFile; fileRef = F4F8D4C122A6E8F500C32329 /* SPPermissionBlurView.swift */; };
		F4F8D4E522A6E8F500C32329 /* SPPermissionActionButton.swift in Sources */ = {isa = PBXBuildFile; fileRef = F4F8D4C222A6E8F500C32329 /* SPPermissionActionButton.swift */; };
		F4F8D4E622A6E8F500C32329 /* SPPermissionDialogView.swift in Sources */ = {isa = PBXBuildFile; fileRef = F4F8D4C322A6E8F500C32329 /* SPPermissionDialogView.swift */; };
		F4F8D4E722A6E8F500C32329 /* SPPermissionCloseButton.swift in Sources */ = {isa = PBXBuildFile; fileRef = F4F8D4C422A6E8F500C32329 /* SPPermissionCloseButton.swift */; };
		F4F8D4E822A6E8F500C32329 /* SPPermissionDrawIconPack.swift in Sources */ = {isa = PBXBuildFile; fileRef = F4F8D4C622A6E8F500C32329 /* SPPermissionDrawIconPack.swift */; };
		F4F8D4E922A6E8F500C32329 /* SPPermissionDraw.swift in Sources */ = {isa = PBXBuildFile; fileRef = F4F8D4C722A6E8F500C32329 /* SPPermissionDraw.swift */; };
		F4F8D4EA22A6E8F500C32329 /* SPPermissionDrawPermissionPack.swift in Sources */ = {isa = PBXBuildFile; fileRef = F4F8D4C822A6E8F500C32329 /* SPPermissionDrawPermissionPack.swift */; };
		F4F8D4EB22A6E8F500C32329 /* SPPermission.swift in Sources */ = {isa = PBXBuildFile; fileRef = F4F8D4C922A6E8F500C32329 /* SPPermission.swift */; };
		F4F8D4EC22A6E8F500C32329 /* SPPermissionType.swift in Sources */ = {isa = PBXBuildFile; fileRef = F4F8D4CA22A6E8F500C32329 /* SPPermissionType.swift */; };
		F4F8D4ED22A6E8F500C32329 /* SPRequestPermissionLocationHandler.swift in Sources */ = {isa = PBXBuildFile; fileRef = F4F8D4CC22A6E8F500C32329 /* SPRequestPermissionLocationHandler.swift */; };
		F4F8D4F022A6EAA500C32329 /* SPPermission.h in Headers */ = {isa = PBXBuildFile; fileRef = F4F8D4CD22A6E8F500C32329 /* SPPermission.h */; settings = {ATTRIBUTES = (Public, ); }; };
/* End PBXBuildFile section */

/* Begin PBXFileReference section */
		F4824FE522ABA54E00A0A487 /* SPPermissionConfiguration.xcconfig */ = {isa = PBXFileReference; fileEncoding = 4; lastKnownFileType = text.xcconfig; path = SPPermissionConfiguration.xcconfig; sourceTree = "<group>"; };
		F4F8D4A822A6E8F500C32329 /* SPPermissionPhotoLibrary.swift */ = {isa = PBXFileReference; fileEncoding = 4; lastKnownFileType = sourcecode.swift; path = SPPermissionPhotoLibrary.swift; sourceTree = "<group>"; };
		F4F8D4A922A6E8F500C32329 /* SPPermissionLocation.swift */ = {isa = PBXFileReference; fileEncoding = 4; lastKnownFileType = sourcecode.swift; path = SPPermissionLocation.swift; sourceTree = "<group>"; };
		F4F8D4AA22A6E8F500C32329 /* SPPermissionMediaLibrary.swift */ = {isa = PBXFileReference; fileEncoding = 4; lastKnownFileType = sourcecode.swift; path = SPPermissionMediaLibrary.swift; sourceTree = "<group>"; };
		F4F8D4AB22A6E8F500C32329 /* SPPermissionNotification.swift */ = {isa = PBXFileReference; fileEncoding = 4; lastKnownFileType = sourcecode.swift; path = SPPermissionNotification.swift; sourceTree = "<group>"; };
		F4F8D4AC22A6E8F500C32329 /* SPPermissionCamera.swift */ = {isa = PBXFileReference; fileEncoding = 4; lastKnownFileType = sourcecode.swift; path = SPPermissionCamera.swift; sourceTree = "<group>"; };
		F4F8D4AD22A6E8F500C32329 /* SPPermissionContacts.swift */ = {isa = PBXFileReference; fileEncoding = 4; lastKnownFileType = sourcecode.swift; path = SPPermissionContacts.swift; sourceTree = "<group>"; };
		F4F8D4AE22A6E8F500C32329 /* SPPermissionMicrophone.swift */ = {isa = PBXFileReference; fileEncoding = 4; lastKnownFileType = sourcecode.swift; path = SPPermissionMicrophone.swift; sourceTree = "<group>"; };
		F4F8D4AF22A6E8F500C32329 /* SPPermissionMotion.swift */ = {isa = PBXFileReference; fileEncoding = 4; lastKnownFileType = sourcecode.swift; path = SPPermissionMotion.swift; sourceTree = "<group>"; };
		F4F8D4B022A6E8F500C32329 /* SPPermissionReminders.swift */ = {isa = PBXFileReference; fileEncoding = 4; lastKnownFileType = sourcecode.swift; path = SPPermissionReminders.swift; sourceTree = "<group>"; };
		F4F8D4B122A6E8F500C32329 /* SPPermissionSpeech.swift */ = {isa = PBXFileReference; fileEncoding = 4; lastKnownFileType = sourcecode.swift; path = SPPermissionSpeech.swift; sourceTree = "<group>"; };
		F4F8D4B222A6E8F500C32329 /* SPPermissionCalendar.swift */ = {isa = PBXFileReference; fileEncoding = 4; lastKnownFileType = sourcecode.swift; path = SPPermissionCalendar.swift; sourceTree = "<group>"; };
		F4F8D4B422A6E8F500C32329 /* SPPermissionDialog.swift */ = {isa = PBXFileReference; fileEncoding = 4; lastKnownFileType = sourcecode.swift; path = SPPermissionDialog.swift; sourceTree = "<group>"; };
		F4F8D4B622A6E8F500C32329 /* SPPermissionStyleAnimation.swift */ = {isa = PBXFileReference; fileEncoding = 4; lastKnownFileType = sourcecode.swift; path = SPPermissionStyleAnimation.swift; sourceTree = "<group>"; };
		F4F8D4B722A6E8F500C32329 /* SPPermissionStyleOrientation.swift */ = {isa = PBXFileReference; fileEncoding = 4; lastKnownFileType = sourcecode.swift; path = SPPermissionStyleOrientation.swift; sourceTree = "<group>"; };
		F4F8D4B822A6E8F500C32329 /* SPPermissionStyle.swift */ = {isa = PBXFileReference; fileEncoding = 4; lastKnownFileType = sourcecode.swift; path = SPPermissionStyle.swift; sourceTree = "<group>"; };
		F4F8D4B922A6E8F500C32329 /* SPPermissionStyleShadow.swift */ = {isa = PBXFileReference; fileEncoding = 4; lastKnownFileType = sourcecode.swift; path = SPPermissionStyleShadow.swift; sourceTree = "<group>"; };
		F4F8D4BA22A6E8F500C32329 /* SPPermissionStyleDelay.swift */ = {isa = PBXFileReference; fileEncoding = 4; lastKnownFileType = sourcecode.swift; path = SPPermissionStyleDelay.swift; sourceTree = "<group>"; };
		F4F8D4BB22A6E8F500C32329 /* SPPermissionStyleColors.swift */ = {isa = PBXFileReference; fileEncoding = 4; lastKnownFileType = sourcecode.swift; path = SPPermissionStyleColors.swift; sourceTree = "<group>"; };
		F4F8D4BD22A6E8F500C32329 /* SPPermissionDialogController.swift */ = {isa = PBXFileReference; fileEncoding = 4; lastKnownFileType = sourcecode.swift; path = SPPermissionDialogController.swift; sourceTree = "<group>"; };
		F4F8D4BF22A6E8F500C32329 /* SPPermissionCloseIconView.swift */ = {isa = PBXFileReference; fileEncoding = 4; lastKnownFileType = sourcecode.swift; path = SPPermissionCloseIconView.swift; sourceTree = "<group>"; };
		F4F8D4C022A6E8F500C32329 /* SPPermissionIconView.swift */ = {isa = PBXFileReference; fileEncoding = 4; lastKnownFileType = sourcecode.swift; path = SPPermissionIconView.swift; sourceTree = "<group>"; };
		F4F8D4C122A6E8F500C32329 /* SPPermissionBlurView.swift */ = {isa = PBXFileReference; fileEncoding = 4; lastKnownFileType = sourcecode.swift; path = SPPermissionBlurView.swift; sourceTree = "<group>"; };
		F4F8D4C222A6E8F500C32329 /* SPPermissionActionButton.swift */ = {isa = PBXFileReference; fileEncoding = 4; lastKnownFileType = sourcecode.swift; path = SPPermissionActionButton.swift; sourceTree = "<group>"; };
		F4F8D4C322A6E8F500C32329 /* SPPermissionDialogView.swift */ = {isa = PBXFileReference; fileEncoding = 4; lastKnownFileType = sourcecode.swift; path = SPPermissionDialogView.swift; sourceTree = "<group>"; };
		F4F8D4C422A6E8F500C32329 /* SPPermissionCloseButton.swift */ = {isa = PBXFileReference; fileEncoding = 4; lastKnownFileType = sourcecode.swift; path = SPPermissionCloseButton.swift; sourceTree = "<group>"; };
		F4F8D4C622A6E8F500C32329 /* SPPermissionDrawIconPack.swift */ = {isa = PBXFileReference; fileEncoding = 4; lastKnownFileType = sourcecode.swift; path = SPPermissionDrawIconPack.swift; sourceTree = "<group>"; };
		F4F8D4C722A6E8F500C32329 /* SPPermissionDraw.swift */ = {isa = PBXFileReference; fileEncoding = 4; lastKnownFileType = sourcecode.swift; path = SPPermissionDraw.swift; sourceTree = "<group>"; };
		F4F8D4C822A6E8F500C32329 /* SPPermissionDrawPermissionPack.swift */ = {isa = PBXFileReference; fileEncoding = 4; lastKnownFileType = sourcecode.swift; path = SPPermissionDrawPermissionPack.swift; sourceTree = "<group>"; };
		F4F8D4C922A6E8F500C32329 /* SPPermission.swift */ = {isa = PBXFileReference; fileEncoding = 4; lastKnownFileType = sourcecode.swift; path = SPPermission.swift; sourceTree = "<group>"; };
		F4F8D4CA22A6E8F500C32329 /* SPPermissionType.swift */ = {isa = PBXFileReference; fileEncoding = 4; lastKnownFileType = sourcecode.swift; path = SPPermissionType.swift; sourceTree = "<group>"; };
		F4F8D4CC22A6E8F500C32329 /* SPRequestPermissionLocationHandler.swift */ = {isa = PBXFileReference; fileEncoding = 4; lastKnownFileType = sourcecode.swift; path = SPRequestPermissionLocationHandler.swift; sourceTree = "<group>"; };
		F4F8D4CD22A6E8F500C32329 /* SPPermission.h */ = {isa = PBXFileReference; fileEncoding = 4; lastKnownFileType = sourcecode.c.h; path = SPPermission.h; sourceTree = "<group>"; };
		F4F8D4CE22A6E8F500C32329 /* Info.plist */ = {isa = PBXFileReference; fileEncoding = 4; lastKnownFileType = text.plist.xml; path = Info.plist; sourceTree = "<group>"; };
		F4FAD966225371A20027C912 /* SPPermission.framework */ = {isa = PBXFileReference; explicitFileType = wrapper.framework; includeInIndex = 0; path = SPPermission.framework; sourceTree = BUILT_PRODUCTS_DIR; };
/* End PBXFileReference section */

/* Begin PBXFrameworksBuildPhase section */
		F4FAD963225371A20027C912 /* Frameworks */ = {
			isa = PBXFrameworksBuildPhase;
			buildActionMask = 2147483647;
			files = (
			);
			runOnlyForDeploymentPostprocessing = 0;
		};
/* End PBXFrameworksBuildPhase section */

/* Begin PBXGroup section */
		F4824FE422ABA53F00A0A487 /* Supporting Files */ = {
			isa = PBXGroup;
			children = (
				F4824FE522ABA54E00A0A487 /* SPPermissionConfiguration.xcconfig */,
				F4F8D4CD22A6E8F500C32329 /* SPPermission.h */,
				F4F8D4CE22A6E8F500C32329 /* Info.plist */,
			);
			path = "Supporting Files";
			sourceTree = "<group>";
		};
		F4F8D4A522A6E8F500C32329 /* Source */ = {
			isa = PBXGroup;
			children = (
				F4824FE422ABA53F00A0A487 /* Supporting Files */,
				F4F8D4A622A6E8F500C32329 /* SPPermission */,
			);
			path = Source;
			sourceTree = "<group>";
		};
		F4F8D4A622A6E8F500C32329 /* SPPermission */ = {
			isa = PBXGroup;
			children = (
				F4F8D4A722A6E8F500C32329 /* Permissions */,
				F4F8D4B322A6E8F500C32329 /* Dialog */,
				F4F8D4C922A6E8F500C32329 /* SPPermission.swift */,
				F4F8D4CA22A6E8F500C32329 /* SPPermissionType.swift */,
				F4F8D4CB22A6E8F500C32329 /* Handlers */,
			);
			path = SPPermission;
			sourceTree = "<group>";
		};
		F4F8D4A722A6E8F500C32329 /* Permissions */ = {
			isa = PBXGroup;
			children = (
				F4F8D4A822A6E8F500C32329 /* SPPermissionPhotoLibrary.swift */,
				F4F8D4A922A6E8F500C32329 /* SPPermissionLocation.swift */,
				F4F8D4AA22A6E8F500C32329 /* SPPermissionMediaLibrary.swift */,
				F4F8D4AB22A6E8F500C32329 /* SPPermissionNotification.swift */,
				F4F8D4AC22A6E8F500C32329 /* SPPermissionCamera.swift */,
				F4F8D4AD22A6E8F500C32329 /* SPPermissionContacts.swift */,
				F4F8D4AE22A6E8F500C32329 /* SPPermissionMicrophone.swift */,
				F4F8D4AF22A6E8F500C32329 /* SPPermissionMotion.swift */,
				F4F8D4B022A6E8F500C32329 /* SPPermissionReminders.swift */,
				F4F8D4B122A6E8F500C32329 /* SPPermissionSpeech.swift */,
				F4F8D4B222A6E8F500C32329 /* SPPermissionCalendar.swift */,
			);
			path = Permissions;
			sourceTree = "<group>";
		};
		F4F8D4B322A6E8F500C32329 /* Dialog */ = {
			isa = PBXGroup;
			children = (
				F4F8D4B422A6E8F500C32329 /* SPPermissionDialog.swift */,
				F4F8D4B522A6E8F500C32329 /* Style */,
				F4F8D4BC22A6E8F500C32329 /* Controllers */,
				F4F8D4BE22A6E8F500C32329 /* Views */,
				F4F8D4C522A6E8F500C32329 /* Draw */,
			);
			path = Dialog;
			sourceTree = "<group>";
		};
		F4F8D4B522A6E8F500C32329 /* Style */ = {
			isa = PBXGroup;
			children = (
				F4F8D4B622A6E8F500C32329 /* SPPermissionStyleAnimation.swift */,
				F4F8D4B722A6E8F500C32329 /* SPPermissionStyleOrientation.swift */,
				F4F8D4B822A6E8F500C32329 /* SPPermissionStyle.swift */,
				F4F8D4B922A6E8F500C32329 /* SPPermissionStyleShadow.swift */,
				F4F8D4BA22A6E8F500C32329 /* SPPermissionStyleDelay.swift */,
				F4F8D4BB22A6E8F500C32329 /* SPPermissionStyleColors.swift */,
			);
			path = Style;
			sourceTree = "<group>";
		};
		F4F8D4BC22A6E8F500C32329 /* Controllers */ = {
			isa = PBXGroup;
			children = (
				F4F8D4BD22A6E8F500C32329 /* SPPermissionDialogController.swift */,
			);
			path = Controllers;
			sourceTree = "<group>";
		};
		F4F8D4BE22A6E8F500C32329 /* Views */ = {
			isa = PBXGroup;
			children = (
				F4F8D4BF22A6E8F500C32329 /* SPPermissionCloseIconView.swift */,
				F4F8D4C022A6E8F500C32329 /* SPPermissionIconView.swift */,
				F4F8D4C122A6E8F500C32329 /* SPPermissionBlurView.swift */,
				F4F8D4C222A6E8F500C32329 /* SPPermissionActionButton.swift */,
				F4F8D4C322A6E8F500C32329 /* SPPermissionDialogView.swift */,
				F4F8D4C422A6E8F500C32329 /* SPPermissionCloseButton.swift */,
			);
			path = Views;
			sourceTree = "<group>";
		};
		F4F8D4C522A6E8F500C32329 /* Draw */ = {
			isa = PBXGroup;
			children = (
				F4F8D4C622A6E8F500C32329 /* SPPermissionDrawIconPack.swift */,
				F4F8D4C722A6E8F500C32329 /* SPPermissionDraw.swift */,
				F4F8D4C822A6E8F500C32329 /* SPPermissionDrawPermissionPack.swift */,
			);
			path = Draw;
			sourceTree = "<group>";
		};
		F4F8D4CB22A6E8F500C32329 /* Handlers */ = {
			isa = PBXGroup;
			children = (
				F4F8D4CC22A6E8F500C32329 /* SPRequestPermissionLocationHandler.swift */,
			);
			path = Handlers;
			sourceTree = "<group>";
		};
		F4FAD95C225371A20027C912 = {
			isa = PBXGroup;
			children = (
				F4F8D4A522A6E8F500C32329 /* Source */,
				F4FAD967225371A20027C912 /* Products */,
			);
			sourceTree = "<group>";
		};
		F4FAD967225371A20027C912 /* Products */ = {
			isa = PBXGroup;
			children = (
				F4FAD966225371A20027C912 /* SPPermission.framework */,
			);
			name = Products;
			sourceTree = "<group>";
		};
/* End PBXGroup section */

/* Begin PBXHeadersBuildPhase section */
		F4FAD961225371A20027C912 /* Headers */ = {
			isa = PBXHeadersBuildPhase;
			buildActionMask = 2147483647;
			files = (
				F4F8D4F022A6EAA500C32329 /* SPPermission.h in Headers */,
			);
			runOnlyForDeploymentPostprocessing = 0;
		};
/* End PBXHeadersBuildPhase section */

/* Begin PBXNativeTarget section */
		F4FAD965225371A20027C912 /* SPPermission */ = {
			isa = PBXNativeTarget;
			buildConfigurationList = F4FAD96E225371A20027C912 /* Build configuration list for PBXNativeTarget "SPPermission" */;
			buildPhases = (
				F4FAD961225371A20027C912 /* Headers */,
				F4FAD962225371A20027C912 /* Sources */,
				F4FAD963225371A20027C912 /* Frameworks */,
				F4FAD964225371A20027C912 /* Resources */,
			);
			buildRules = (
			);
			dependencies = (
			);
			name = SPPermission;
			productName = SPPermission;
			productReference = F4FAD966225371A20027C912 /* SPPermission.framework */;
			productType = "com.apple.product-type.framework";
		};
/* End PBXNativeTarget section */

/* Begin PBXProject section */
		F4FAD95D225371A20027C912 /* Project object */ = {
			isa = PBXProject;
			attributes = {
				LastUpgradeCheck = 1020;
				ORGANIZATIONNAME = "Ivan Vorobei";
				TargetAttributes = {
					F4FAD965225371A20027C912 = {
						CreatedOnToolsVersion = 10.2;
					};
				};
			};
			buildConfigurationList = F4FAD960225371A20027C912 /* Build configuration list for PBXProject "SPPermission" */;
			compatibilityVersion = "Xcode 9.3";
			developmentRegion = en;
			hasScannedForEncodings = 0;
			knownRegions = (
				en,
			);
			mainGroup = F4FAD95C225371A20027C912;
			productRefGroup = F4FAD967225371A20027C912 /* Products */;
			projectDirPath = "";
			projectRoot = "";
			targets = (
				F4FAD965225371A20027C912 /* SPPermission */,
			);
		};
/* End PBXProject section */

/* Begin PBXResourcesBuildPhase section */
		F4FAD964225371A20027C912 /* Resources */ = {
			isa = PBXResourcesBuildPhase;
			buildActionMask = 2147483647;
			files = (
			);
			runOnlyForDeploymentPostprocessing = 0;
		};
/* End PBXResourcesBuildPhase section */

/* Begin PBXSourcesBuildPhase section */
		F4FAD962225371A20027C912 /* Sources */ = {
			isa = PBXSourcesBuildPhase;
			buildActionMask = 2147483647;
			files = (
				F4F8D4D422A6E8F500C32329 /* SPPermissionContacts.swift in Sources */,
				F4F8D4EC22A6E8F500C32329 /* SPPermissionType.swift in Sources */,
				F4F8D4DB22A6E8F500C32329 /* SPPermissionStyleAnimation.swift in Sources */,
				F4F8D4E122A6E8F500C32329 /* SPPermissionDialogController.swift in Sources */,
				F4F8D4ED22A6E8F500C32329 /* SPRequestPermissionLocationHandler.swift in Sources */,
				F4F8D4D222A6E8F500C32329 /* SPPermissionNotification.swift in Sources */,
				F4F8D4D022A6E8F500C32329 /* SPPermissionLocation.swift in Sources */,
				F4F8D4E422A6E8F500C32329 /* SPPermissionBlurView.swift in Sources */,
				F4F8D4D922A6E8F500C32329 /* SPPermissionCalendar.swift in Sources */,
				F4F8D4E522A6E8F500C32329 /* SPPermissionActionButton.swift in Sources */,
				F4F8D4E022A6E8F500C32329 /* SPPermissionStyleColors.swift in Sources */,
				F4F8D4EA22A6E8F500C32329 /* SPPermissionDrawPermissionPack.swift in Sources */,
				F4F8D4D722A6E8F500C32329 /* SPPermissionReminders.swift in Sources */,
				F4F8D4DF22A6E8F500C32329 /* SPPermissionStyleDelay.swift in Sources */,
				F4F8D4CF22A6E8F500C32329 /* SPPermissionPhotoLibrary.swift in Sources */,
				F4F8D4D122A6E8F500C32329 /* SPPermissionMediaLibrary.swift in Sources */,
				F4F8D4E322A6E8F500C32329 /* SPPermissionIconView.swift in Sources */,
				F4F8D4DA22A6E8F500C32329 /* SPPermissionDialog.swift in Sources */,
				F4F8D4E222A6E8F500C32329 /* SPPermissionCloseIconView.swift in Sources */,
				F4F8D4DD22A6E8F500C32329 /* SPPermissionStyle.swift in Sources */,
				F4F8D4E722A6E8F500C32329 /* SPPermissionCloseButton.swift in Sources */,
				F4F8D4D622A6E8F500C32329 /* SPPermissionMotion.swift in Sources */,
				F4F8D4DE22A6E8F500C32329 /* SPPermissionStyleShadow.swift in Sources */,
				F4F8D4E922A6E8F500C32329 /* SPPermissionDraw.swift in Sources */,
				F4F8D4D522A6E8F500C32329 /* SPPermissionMicrophone.swift in Sources */,
				F4F8D4E822A6E8F500C32329 /* SPPermissionDrawIconPack.swift in Sources */,
				F4F8D4D322A6E8F500C32329 /* SPPermissionCamera.swift in Sources */,
				F4F8D4DC22A6E8F500C32329 /* SPPermissionStyleOrientation.swift in Sources */,
				F4F8D4EB22A6E8F500C32329 /* SPPermission.swift in Sources */,
				F4F8D4E622A6E8F500C32329 /* SPPermissionDialogView.swift in Sources */,
				F4F8D4D822A6E8F500C32329 /* SPPermissionSpeech.swift in Sources */,
			);
			runOnlyForDeploymentPostprocessing = 0;
		};
/* End PBXSourcesBuildPhase section */

/* Begin XCBuildConfiguration section */
		F4FAD96C225371A20027C912 /* Debug */ = {
			isa = XCBuildConfiguration;
			baseConfigurationReference = F4824FE522ABA54E00A0A487 /* SPPermissionConfiguration.xcconfig */;
			buildSettings = {
				ALWAYS_SEARCH_USER_PATHS = NO;
				CLANG_ANALYZER_NONNULL = YES;
				CLANG_ANALYZER_NUMBER_OBJECT_CONVERSION = YES_AGGRESSIVE;
				CLANG_CXX_LANGUAGE_STANDARD = "gnu++14";
				CLANG_CXX_LIBRARY = "libc++";
				CLANG_ENABLE_MODULES = YES;
				CLANG_ENABLE_OBJC_ARC = YES;
				CLANG_ENABLE_OBJC_WEAK = YES;
				CLANG_WARN_BLOCK_CAPTURE_AUTORELEASING = YES;
				CLANG_WARN_BOOL_CONVERSION = YES;
				CLANG_WARN_COMMA = YES;
				CLANG_WARN_CONSTANT_CONVERSION = YES;
				CLANG_WARN_DEPRECATED_OBJC_IMPLEMENTATIONS = YES;
				CLANG_WARN_DIRECT_OBJC_ISA_USAGE = YES_ERROR;
				CLANG_WARN_DOCUMENTATION_COMMENTS = YES;
				CLANG_WARN_EMPTY_BODY = YES;
				CLANG_WARN_ENUM_CONVERSION = YES;
				CLANG_WARN_INFINITE_RECURSION = YES;
				CLANG_WARN_INT_CONVERSION = YES;
				CLANG_WARN_NON_LITERAL_NULL_CONVERSION = YES;
				CLANG_WARN_OBJC_IMPLICIT_RETAIN_SELF = YES;
				CLANG_WARN_OBJC_LITERAL_CONVERSION = YES;
				CLANG_WARN_OBJC_ROOT_CLASS = YES_ERROR;
				CLANG_WARN_RANGE_LOOP_ANALYSIS = YES;
				CLANG_WARN_STRICT_PROTOTYPES = YES;
				CLANG_WARN_SUSPICIOUS_MOVE = YES;
				CLANG_WARN_UNGUARDED_AVAILABILITY = YES_AGGRESSIVE;
				CLANG_WARN_UNREACHABLE_CODE = YES;
				CLANG_WARN__DUPLICATE_METHOD_MATCH = YES;
				CODE_SIGN_IDENTITY = "iPhone Developer";
				COPY_PHASE_STRIP = NO;
				CURRENT_PROJECT_VERSION = 1;
				DEBUG_INFORMATION_FORMAT = dwarf;
				ENABLE_STRICT_OBJC_MSGSEND = YES;
				ENABLE_TESTABILITY = YES;
				GCC_C_LANGUAGE_STANDARD = gnu11;
				GCC_DYNAMIC_NO_PIC = NO;
				GCC_NO_COMMON_BLOCKS = YES;
				GCC_OPTIMIZATION_LEVEL = 0;
				GCC_PREPROCESSOR_DEFINITIONS = (
					"DEBUG=1",
					"$(inherited)",
				);
				GCC_WARN_64_TO_32_BIT_CONVERSION = YES;
				GCC_WARN_ABOUT_RETURN_TYPE = YES_ERROR;
				GCC_WARN_UNDECLARED_SELECTOR = YES;
				GCC_WARN_UNINITIALIZED_AUTOS = YES_AGGRESSIVE;
				GCC_WARN_UNUSED_FUNCTION = YES;
				GCC_WARN_UNUSED_VARIABLE = YES;
				IPHONEOS_DEPLOYMENT_TARGET = 12.2;
				MTL_ENABLE_DEBUG_INFO = INCLUDE_SOURCE;
				MTL_FAST_MATH = YES;
				ONLY_ACTIVE_ARCH = YES;
				SDKROOT = iphoneos;
				SWIFT_ACTIVE_COMPILATION_CONDITIONS = DEBUG;
				SWIFT_OPTIMIZATION_LEVEL = "-Onone";
				VERSIONING_SYSTEM = "apple-generic";
				VERSION_INFO_PREFIX = "";
			};
			name = Debug;
		};
		F4FAD96D225371A20027C912 /* Release */ = {
			isa = XCBuildConfiguration;
			baseConfigurationReference = F4824FE522ABA54E00A0A487 /* SPPermissionConfiguration.xcconfig */;
			buildSettings = {
				ALWAYS_SEARCH_USER_PATHS = NO;
				CLANG_ANALYZER_NONNULL = YES;
				CLANG_ANALYZER_NUMBER_OBJECT_CONVERSION = YES_AGGRESSIVE;
				CLANG_CXX_LANGUAGE_STANDARD = "gnu++14";
				CLANG_CXX_LIBRARY = "libc++";
				CLANG_ENABLE_MODULES = YES;
				CLANG_ENABLE_OBJC_ARC = YES;
				CLANG_ENABLE_OBJC_WEAK = YES;
				CLANG_WARN_BLOCK_CAPTURE_AUTORELEASING = YES;
				CLANG_WARN_BOOL_CONVERSION = YES;
				CLANG_WARN_COMMA = YES;
				CLANG_WARN_CONSTANT_CONVERSION = YES;
				CLANG_WARN_DEPRECATED_OBJC_IMPLEMENTATIONS = YES;
				CLANG_WARN_DIRECT_OBJC_ISA_USAGE = YES_ERROR;
				CLANG_WARN_DOCUMENTATION_COMMENTS = YES;
				CLANG_WARN_EMPTY_BODY = YES;
				CLANG_WARN_ENUM_CONVERSION = YES;
				CLANG_WARN_INFINITE_RECURSION = YES;
				CLANG_WARN_INT_CONVERSION = YES;
				CLANG_WARN_NON_LITERAL_NULL_CONVERSION = YES;
				CLANG_WARN_OBJC_IMPLICIT_RETAIN_SELF = YES;
				CLANG_WARN_OBJC_LITERAL_CONVERSION = YES;
				CLANG_WARN_OBJC_ROOT_CLASS = YES_ERROR;
				CLANG_WARN_RANGE_LOOP_ANALYSIS = YES;
				CLANG_WARN_STRICT_PROTOTYPES = YES;
				CLANG_WARN_SUSPICIOUS_MOVE = YES;
				CLANG_WARN_UNGUARDED_AVAILABILITY = YES_AGGRESSIVE;
				CLANG_WARN_UNREACHABLE_CODE = YES;
				CLANG_WARN__DUPLICATE_METHOD_MATCH = YES;
				CODE_SIGN_IDENTITY = "iPhone Developer";
				COPY_PHASE_STRIP = NO;
				CURRENT_PROJECT_VERSION = 1;
				DEBUG_INFORMATION_FORMAT = "dwarf-with-dsym";
				ENABLE_NS_ASSERTIONS = NO;
				ENABLE_STRICT_OBJC_MSGSEND = YES;
				GCC_C_LANGUAGE_STANDARD = gnu11;
				GCC_NO_COMMON_BLOCKS = YES;
				GCC_WARN_64_TO_32_BIT_CONVERSION = YES;
				GCC_WARN_ABOUT_RETURN_TYPE = YES_ERROR;
				GCC_WARN_UNDECLARED_SELECTOR = YES;
				GCC_WARN_UNINITIALIZED_AUTOS = YES_AGGRESSIVE;
				GCC_WARN_UNUSED_FUNCTION = YES;
				GCC_WARN_UNUSED_VARIABLE = YES;
				IPHONEOS_DEPLOYMENT_TARGET = 12.2;
				MTL_ENABLE_DEBUG_INFO = NO;
				MTL_FAST_MATH = YES;
				SDKROOT = iphoneos;
				SWIFT_COMPILATION_MODE = wholemodule;
				SWIFT_OPTIMIZATION_LEVEL = "-O";
				VALIDATE_PRODUCT = YES;
				VERSIONING_SYSTEM = "apple-generic";
				VERSION_INFO_PREFIX = "";
			};
			name = Release;
		};
		F4FAD96F225371A20027C912 /* Debug */ = {
			isa = XCBuildConfiguration;
			baseConfigurationReference = F4824FE522ABA54E00A0A487 /* SPPermissionConfiguration.xcconfig */;
			buildSettings = {
				CODE_SIGN_IDENTITY = "";
				CODE_SIGN_STYLE = Automatic;
				DEFINES_MODULE = YES;
				DEVELOPMENT_TEAM = 8JMTA2AAF3;
				DYLIB_COMPATIBILITY_VERSION = 1;
				DYLIB_CURRENT_VERSION = 1;
				DYLIB_INSTALL_NAME_BASE = "@rpath";
				INFOPLIST_FILE = "$(SRCROOT)/Source/Info.plist";
				INSTALL_PATH = "$(LOCAL_LIBRARY_DIR)/Frameworks";
				IPHONEOS_DEPLOYMENT_TARGET = 10.0;
				LD_RUNPATH_SEARCH_PATHS = (
					"$(inherited)",
					"@executable_path/Frameworks",
					"@loader_path/Frameworks",
				);
				PRODUCT_BUNDLE_IDENTIFIER = by.ivanvorobei.SPPermission;
				PRODUCT_NAME = "$(TARGET_NAME:c99extidentifier)";
				SKIP_INSTALL = YES;
				SWIFT_VERSION = 5.0;
				TARGETED_DEVICE_FAMILY = "1,2";
			};
			name = Debug;
		};
		F4FAD970225371A20027C912 /* Release */ = {
			isa = XCBuildConfiguration;
			baseConfigurationReference = F4824FE522ABA54E00A0A487 /* SPPermissionConfiguration.xcconfig */;
			buildSettings = {
				CODE_SIGN_IDENTITY = "";
				CODE_SIGN_STYLE = Automatic;
				DEFINES_MODULE = YES;
				DEVELOPMENT_TEAM = 8JMTA2AAF3;
				DYLIB_COMPATIBILITY_VERSION = 1;
				DYLIB_CURRENT_VERSION = 1;
				DYLIB_INSTALL_NAME_BASE = "@rpath";
				INFOPLIST_FILE = "$(SRCROOT)/Source/Info.plist";
				INSTALL_PATH = "$(LOCAL_LIBRARY_DIR)/Frameworks";
				IPHONEOS_DEPLOYMENT_TARGET = 10.0;
				LD_RUNPATH_SEARCH_PATHS = (
					"$(inherited)",
					"@executable_path/Frameworks",
					"@loader_path/Frameworks",
				);
				PRODUCT_BUNDLE_IDENTIFIER = by.ivanvorobei.SPPermission;
				PRODUCT_NAME = "$(TARGET_NAME:c99extidentifier)";
				SKIP_INSTALL = YES;
				SWIFT_VERSION = 5.0;
				TARGETED_DEVICE_FAMILY = "1,2";
			};
			name = Release;
		};
/* End XCBuildConfiguration section */

/* Begin XCConfigurationList section */
		F4FAD960225371A20027C912 /* Build configuration list for PBXProject "SPPermission" */ = {
			isa = XCConfigurationList;
			buildConfigurations = (
				F4FAD96C225371A20027C912 /* Debug */,
				F4FAD96D225371A20027C912 /* Release */,
			);
			defaultConfigurationIsVisible = 0;
			defaultConfigurationName = Release;
		};
		F4FAD96E225371A20027C912 /* Build configuration list for PBXNativeTarget "SPPermission" */ = {
			isa = XCConfigurationList;
			buildConfigurations = (
				F4FAD96F225371A20027C912 /* Debug */,
				F4FAD970225371A20027C912 /* Release */,
			);
			defaultConfigurationIsVisible = 0;
			defaultConfigurationName = Release;
		};
/* End XCConfigurationList section */
	};
	rootObject = F4FAD95D225371A20027C912 /* Project object */;
}
